// !$*UTF8*$!
{
	archiveVersion = 1;
	classes = {
	};
	objectVersion = 46;
	objects = {

/* Begin PBXBuildFile section */
		8E7F527A145A77A000A50607 /* DMNullQueue.h in Headers */ = {isa = PBXBuildFile; fileRef = 8E7F5276145A77A000A50607 /* DMNullQueue.h */; };
		8E7F527B145A77A000A50607 /* DMNullQueue.m in Sources */ = {isa = PBXBuildFile; fileRef = 8E7F5277145A77A000A50607 /* DMNullQueue.m */; };
		8EC75F471470871700850047 /* DMSUHost.h in Headers */ = {isa = PBXBuildFile; fileRef = 8EC75F431470871700850047 /* DMSUHost.h */; };
		8EC75F481470871700850047 /* DMSUHost.m in Sources */ = {isa = PBXBuildFile; fileRef = 8EC75F441470871700850047 /* DMSUHost.m */; };
		8EC75F491470871700850047 /* DMSUSystemProfiler.h in Headers */ = {isa = PBXBuildFile; fileRef = 8EC75F451470871700850047 /* DMSUSystemProfiler.h */; };
		8EC75F4A1470871700850047 /* DMSUSystemProfiler.m in Sources */ = {isa = PBXBuildFile; fileRef = 8EC75F461470871700850047 /* DMSUSystemProfiler.m */; };
		C508A1931344ECD60061CF05 /* Foundation.framework in Frameworks */ = {isa = PBXBuildFile; fileRef = C508A1921344ECD60061CF05 /* Foundation.framework */; };
		C508A1DC1344EE170061CF05 /* DMHosts.h in Headers */ = {isa = PBXBuildFile; fileRef = C508A1CF1344EE170061CF05 /* DMHosts.h */; };
		C508A1DD1344EE170061CF05 /* DMHosts.m in Sources */ = {isa = PBXBuildFile; fileRef = C508A1D01344EE170061CF05 /* DMHosts.m */; };
		C508A1DE1344EE170061CF05 /* DMRequester.h in Headers */ = {isa = PBXBuildFile; fileRef = C508A1D11344EE170061CF05 /* DMRequester.h */; };
		C508A1DF1344EE170061CF05 /* DMRequester.m in Sources */ = {isa = PBXBuildFile; fileRef = C508A1D21344EE170061CF05 /* DMRequester.m */; };
		C508A1E01344EE170061CF05 /* DMTracker.h in Headers */ = {isa = PBXBuildFile; fileRef = C508A1D31344EE170061CF05 /* DMTracker.h */; };
		C508A1E11344EE170061CF05 /* DMTracker.m in Sources */ = {isa = PBXBuildFile; fileRef = C508A1D41344EE170061CF05 /* DMTracker.m */; };
		C508A1E21344EE170061CF05 /* DMTrackingQueue.h in Headers */ = {isa = PBXBuildFile; fileRef = C508A1D51344EE170061CF05 /* DMTrackingQueue.h */; };
		C508A1E31344EE170061CF05 /* DMTrackingQueue.m in Sources */ = {isa = PBXBuildFile; fileRef = C508A1D61344EE170061CF05 /* DMTrackingQueue.m */; };
		C508A1E61344EE170061CF05 /* ObjectiveMetrics.h in Headers */ = {isa = PBXBuildFile; fileRef = C508A1D91344EE170061CF05 /* ObjectiveMetrics.h */; };
		C508A1F81344EE1D0061CF05 /* NSObject+SBJSON.h in Headers */ = {isa = PBXBuildFile; fileRef = C508A1ED1344EE1D0061CF05 /* NSObject+SBJSON.h */; };
		C508A1FE1344EE1D0061CF05 /* SBJsonParser.h in Headers */ = {isa = PBXBuildFile; fileRef = C508A1F31344EE1D0061CF05 /* SBJsonParser.h */; };
		C508A2001344EE1D0061CF05 /* SBJsonWriter.h in Headers */ = {isa = PBXBuildFile; fileRef = C508A1F51344EE1D0061CF05 /* SBJsonWriter.h */; };
		C508A2181344FB740061CF05 /* UIDevice-Hardware.h in Headers */ = {isa = PBXBuildFile; fileRef = C508A2161344FB730061CF05 /* UIDevice-Hardware.h */; };
		C508A2191344FB740061CF05 /* UIDevice-Hardware.m in Sources */ = {isa = PBXBuildFile; fileRef = C508A2171344FB740061CF05 /* UIDevice-Hardware.m */; };
		C52C318116925550000F529F /* DMEvent.h in Headers */ = {isa = PBXBuildFile; fileRef = C52C317916925550000F529F /* DMEvent.h */; };
		C52C318216925550000F529F /* DMEvent.m in Sources */ = {isa = PBXBuildFile; fileRef = C52C317A16925550000F529F /* DMEvent.m */; };
		C52C318316925550000F529F /* DMSession.h in Headers */ = {isa = PBXBuildFile; fileRef = C52C317B16925550000F529F /* DMSession.h */; };
		C52C318416925550000F529F /* DMSession.m in Sources */ = {isa = PBXBuildFile; fileRef = C52C317C16925550000F529F /* DMSession.m */; };
		C52C318516925550000F529F /* NSArray+Map.h in Headers */ = {isa = PBXBuildFile; fileRef = C52C317D16925550000F529F /* NSArray+Map.h */; };
		C52C318616925550000F529F /* NSArray+Map.m in Sources */ = {isa = PBXBuildFile; fileRef = C52C317E16925550000F529F /* NSArray+Map.m */; };
		C52C318716925550000F529F /* NSDictionary+TypedRetrieval.h in Headers */ = {isa = PBXBuildFile; fileRef = C52C317F16925550000F529F /* NSDictionary+TypedRetrieval.h */; };
		C52C318816925550000F529F /* NSDictionary+TypedRetrieval.m in Sources */ = {isa = PBXBuildFile; fileRef = C52C318016925550000F529F /* NSDictionary+TypedRetrieval.m */; };
		C52D455014C536C80084B298 /* SBJson.h in Headers */ = {isa = PBXBuildFile; fileRef = C52D454A14C536C80084B298 /* SBJson.h */; };
		C52D455114C536C80084B298 /* SBJsonStreamParser.h in Headers */ = {isa = PBXBuildFile; fileRef = C52D454B14C536C80084B298 /* SBJsonStreamParser.h */; };
		C52D455214C536C80084B298 /* SBJsonStreamParserAccumulator.h in Headers */ = {isa = PBXBuildFile; fileRef = C52D454C14C536C80084B298 /* SBJsonStreamParserAccumulator.h */; };
		C52D455314C536C80084B298 /* SBJsonStreamParserAdapter.h in Headers */ = {isa = PBXBuildFile; fileRef = C52D454D14C536C80084B298 /* SBJsonStreamParserAdapter.h */; };
		C52D455414C536C80084B298 /* SBJsonStreamWriter.h in Headers */ = {isa = PBXBuildFile; fileRef = C52D454E14C536C80084B298 /* SBJsonStreamWriter.h */; };
		C52D455514C536C80084B298 /* SBJsonStreamWriterAccumulator.h in Headers */ = {isa = PBXBuildFile; fileRef = C52D454F14C536C80084B298 /* SBJsonStreamWriterAccumulator.h */; };
		C5BDC25A168036B800A37A01 /* NSString+Random.h in Headers */ = {isa = PBXBuildFile; fileRef = C5BDC258168036B800A37A01 /* NSString+Random.h */; };
		C5BDC25B168036B800A37A01 /* NSString+Random.m in Sources */ = {isa = PBXBuildFile; fileRef = C5BDC259168036B800A37A01 /* NSString+Random.m */; };
/* End PBXBuildFile section */

/* Begin PBXFileReference section */
		8E7F5276145A77A000A50607 /* DMNullQueue.h */ = {isa = PBXFileReference; fileEncoding = 4; lastKnownFileType = sourcecode.c.h; path = DMNullQueue.h; sourceTree = "<group>"; };
		8E7F5277145A77A000A50607 /* DMNullQueue.m */ = {isa = PBXFileReference; fileEncoding = 4; lastKnownFileType = sourcecode.c.objc; path = DMNullQueue.m; sourceTree = "<group>"; };
		8EC75F431470871700850047 /* DMSUHost.h */ = {isa = PBXFileReference; fileEncoding = 4; lastKnownFileType = sourcecode.c.h; path = DMSUHost.h; sourceTree = "<group>"; };
		8EC75F441470871700850047 /* DMSUHost.m */ = {isa = PBXFileReference; fileEncoding = 4; lastKnownFileType = sourcecode.c.objc; path = DMSUHost.m; sourceTree = "<group>"; };
		8EC75F451470871700850047 /* DMSUSystemProfiler.h */ = {isa = PBXFileReference; fileEncoding = 4; lastKnownFileType = sourcecode.c.h; path = DMSUSystemProfiler.h; sourceTree = "<group>"; };
		8EC75F461470871700850047 /* DMSUSystemProfiler.m */ = {isa = PBXFileReference; fileEncoding = 4; lastKnownFileType = sourcecode.c.objc; path = DMSUSystemProfiler.m; sourceTree = "<group>"; };
		C508A18F1344ECD60061CF05 /* libTouchMetrics.a */ = {isa = PBXFileReference; explicitFileType = archive.ar; includeInIndex = 0; path = libTouchMetrics.a; sourceTree = BUILT_PRODUCTS_DIR; };
		C508A1921344ECD60061CF05 /* Foundation.framework */ = {isa = PBXFileReference; lastKnownFileType = wrapper.framework; name = Foundation.framework; path = System/Library/Frameworks/Foundation.framework; sourceTree = SDKROOT; };
		C508A1961344ECD60061CF05 /* TouchMetrics-Prefix.pch */ = {isa = PBXFileReference; lastKnownFileType = sourcecode.c.h; path = "TouchMetrics-Prefix.pch"; sourceTree = "<group>"; };
		C508A1CF1344EE170061CF05 /* DMHosts.h */ = {isa = PBXFileReference; fileEncoding = 4; lastKnownFileType = sourcecode.c.h; path = DMHosts.h; sourceTree = "<group>"; };
		C508A1D01344EE170061CF05 /* DMHosts.m */ = {isa = PBXFileReference; fileEncoding = 4; lastKnownFileType = sourcecode.c.objc; path = DMHosts.m; sourceTree = "<group>"; };
		C508A1D11344EE170061CF05 /* DMRequester.h */ = {isa = PBXFileReference; fileEncoding = 4; lastKnownFileType = sourcecode.c.h; path = DMRequester.h; sourceTree = "<group>"; };
		C508A1D21344EE170061CF05 /* DMRequester.m */ = {isa = PBXFileReference; fileEncoding = 4; lastKnownFileType = sourcecode.c.objc; path = DMRequester.m; sourceTree = "<group>"; };
		C508A1D31344EE170061CF05 /* DMTracker.h */ = {isa = PBXFileReference; fileEncoding = 4; lastKnownFileType = sourcecode.c.h; path = DMTracker.h; sourceTree = "<group>"; };
		C508A1D41344EE170061CF05 /* DMTracker.m */ = {isa = PBXFileReference; fileEncoding = 4; lastKnownFileType = sourcecode.c.objc; path = DMTracker.m; sourceTree = "<group>"; };
		C508A1D51344EE170061CF05 /* DMTrackingQueue.h */ = {isa = PBXFileReference; fileEncoding = 4; lastKnownFileType = sourcecode.c.h; path = DMTrackingQueue.h; sourceTree = "<group>"; };
		C508A1D61344EE170061CF05 /* DMTrackingQueue.m */ = {isa = PBXFileReference; fileEncoding = 4; lastKnownFileType = sourcecode.c.objc; path = DMTrackingQueue.m; sourceTree = "<group>"; };
		C508A1D91344EE170061CF05 /* ObjectiveMetrics.h */ = {isa = PBXFileReference; fileEncoding = 4; lastKnownFileType = sourcecode.c.h; path = ObjectiveMetrics.h; sourceTree = "<group>"; };
		C508A1ED1344EE1D0061CF05 /* NSObject+SBJSON.h */ = {isa = PBXFileReference; fileEncoding = 4; lastKnownFileType = sourcecode.c.h; path = "NSObject+SBJSON.h"; sourceTree = "<group>"; };
		C508A1F31344EE1D0061CF05 /* SBJsonParser.h */ = {isa = PBXFileReference; fileEncoding = 4; lastKnownFileType = sourcecode.c.h; path = SBJsonParser.h; sourceTree = "<group>"; };
		C508A1F51344EE1D0061CF05 /* SBJsonWriter.h */ = {isa = PBXFileReference; fileEncoding = 4; lastKnownFileType = sourcecode.c.h; path = SBJsonWriter.h; sourceTree = "<group>"; };
		C508A2161344FB730061CF05 /* UIDevice-Hardware.h */ = {isa = PBXFileReference; fileEncoding = 4; lastKnownFileType = sourcecode.c.h; name = "UIDevice-Hardware.h"; path = "TouchMetrics/UIDevice-Extension/UIDevice-Hardware.h"; sourceTree = "<group>"; };
		C508A2171344FB740061CF05 /* UIDevice-Hardware.m */ = {isa = PBXFileReference; fileEncoding = 4; lastKnownFileType = sourcecode.c.objc; name = "UIDevice-Hardware.m"; path = "TouchMetrics/UIDevice-Extension/UIDevice-Hardware.m"; sourceTree = "<group>"; };
		C52C317916925550000F529F /* DMEvent.h */ = {isa = PBXFileReference; fileEncoding = 4; lastKnownFileType = sourcecode.c.h; path = DMEvent.h; sourceTree = "<group>"; };
		C52C317A16925550000F529F /* DMEvent.m */ = {isa = PBXFileReference; fileEncoding = 4; lastKnownFileType = sourcecode.c.objc; path = DMEvent.m; sourceTree = "<group>"; };
		C52C317B16925550000F529F /* DMSession.h */ = {isa = PBXFileReference; fileEncoding = 4; lastKnownFileType = sourcecode.c.h; path = DMSession.h; sourceTree = "<group>"; };
		C52C317C16925550000F529F /* DMSession.m */ = {isa = PBXFileReference; fileEncoding = 4; lastKnownFileType = sourcecode.c.objc; path = DMSession.m; sourceTree = "<group>"; };
		C52C317D16925550000F529F /* NSArray+Map.h */ = {isa = PBXFileReference; fileEncoding = 4; lastKnownFileType = sourcecode.c.h; path = "NSArray+Map.h"; sourceTree = "<group>"; };
		C52C317E16925550000F529F /* NSArray+Map.m */ = {isa = PBXFileReference; fileEncoding = 4; lastKnownFileType = sourcecode.c.objc; path = "NSArray+Map.m"; sourceTree = "<group>"; };
		C52C317F16925550000F529F /* NSDictionary+TypedRetrieval.h */ = {isa = PBXFileReference; fileEncoding = 4; lastKnownFileType = sourcecode.c.h; path = "NSDictionary+TypedRetrieval.h"; sourceTree = "<group>"; };
		C52C318016925550000F529F /* NSDictionary+TypedRetrieval.m */ = {isa = PBXFileReference; fileEncoding = 4; lastKnownFileType = sourcecode.c.objc; path = "NSDictionary+TypedRetrieval.m"; sourceTree = "<group>"; };
		C52D454A14C536C80084B298 /* SBJson.h */ = {isa = PBXFileReference; fileEncoding = 4; lastKnownFileType = sourcecode.c.h; name = SBJson.h; path = Frameworks/SBJson.framework/Versions/A/Headers/SBJson.h; sourceTree = SOURCE_ROOT; };
		C52D454B14C536C80084B298 /* SBJsonStreamParser.h */ = {isa = PBXFileReference; fileEncoding = 4; lastKnownFileType = sourcecode.c.h; name = SBJsonStreamParser.h; path = Frameworks/SBJson.framework/Versions/A/Headers/SBJsonStreamParser.h; sourceTree = SOURCE_ROOT; };
		C52D454C14C536C80084B298 /* SBJsonStreamParserAccumulator.h */ = {isa = PBXFileReference; fileEncoding = 4; lastKnownFileType = sourcecode.c.h; name = SBJsonStreamParserAccumulator.h; path = Frameworks/SBJson.framework/Versions/A/Headers/SBJsonStreamParserAccumulator.h; sourceTree = SOURCE_ROOT; };
		C52D454D14C536C80084B298 /* SBJsonStreamParserAdapter.h */ = {isa = PBXFileReference; fileEncoding = 4; lastKnownFileType = sourcecode.c.h; name = SBJsonStreamParserAdapter.h; path = Frameworks/SBJson.framework/Versions/A/Headers/SBJsonStreamParserAdapter.h; sourceTree = SOURCE_ROOT; };
		C52D454E14C536C80084B298 /* SBJsonStreamWriter.h */ = {isa = PBXFileReference; fileEncoding = 4; lastKnownFileType = sourcecode.c.h; name = SBJsonStreamWriter.h; path = Frameworks/SBJson.framework/Versions/A/Headers/SBJsonStreamWriter.h; sourceTree = SOURCE_ROOT; };
		C52D454F14C536C80084B298 /* SBJsonStreamWriterAccumulator.h */ = {isa = PBXFileReference; fileEncoding = 4; lastKnownFileType = sourcecode.c.h; name = SBJsonStreamWriterAccumulator.h; path = Frameworks/SBJson.framework/Versions/A/Headers/SBJsonStreamWriterAccumulator.h; sourceTree = SOURCE_ROOT; };
		C5BDC258168036B800A37A01 /* NSString+Random.h */ = {isa = PBXFileReference; fileEncoding = 4; lastKnownFileType = sourcecode.c.h; path = "NSString+Random.h"; sourceTree = "<group>"; };
		C5BDC259168036B800A37A01 /* NSString+Random.m */ = {isa = PBXFileReference; fileEncoding = 4; lastKnownFileType = sourcecode.c.objc; path = "NSString+Random.m"; sourceTree = "<group>"; };
/* End PBXFileReference section */

/* Begin PBXFrameworksBuildPhase section */
		C508A18C1344ECD60061CF05 /* Frameworks */ = {
			isa = PBXFrameworksBuildPhase;
			buildActionMask = 2147483647;
			files = (
				C508A1931344ECD60061CF05 /* Foundation.framework in Frameworks */,
			);
			runOnlyForDeploymentPostprocessing = 0;
		};
/* End PBXFrameworksBuildPhase section */

/* Begin PBXGroup section */
		C508A1841344ECD60061CF05 = {
			isa = PBXGroup;
			children = (
				C508A21B1344FB7B0061CF05 /* UIDevice-Extension */,
				C508A1EA1344EE1D0061CF05 /* JSON */,
				C508A1941344ECD60061CF05 /* TouchMetrics */,
				C508A2021344EE670061CF05 /* Sparkle */,
				C508A1911344ECD60061CF05 /* Frameworks */,
				C508A1901344ECD60061CF05 /* Products */,
			);
			sourceTree = "<group>";
		};
		C508A1901344ECD60061CF05 /* Products */ = {
			isa = PBXGroup;
			children = (
				C508A18F1344ECD60061CF05 /* libTouchMetrics.a */,
			);
			name = Products;
			sourceTree = "<group>";
		};
		C508A1911344ECD60061CF05 /* Frameworks */ = {
			isa = PBXGroup;
			children = (
				C508A1921344ECD60061CF05 /* Foundation.framework */,
			);
			name = Frameworks;
			sourceTree = "<group>";
		};
		C508A1941344ECD60061CF05 /* TouchMetrics */ = {
			isa = PBXGroup;
			children = (
				C508A1CE1344EE170061CF05 /* Classes */,
				C508A1951344ECD60061CF05 /* Supporting Files */,
			);
			path = TouchMetrics;
			sourceTree = "<group>";
		};
		C508A1951344ECD60061CF05 /* Supporting Files */ = {
			isa = PBXGroup;
			children = (
				C508A1961344ECD60061CF05 /* TouchMetrics-Prefix.pch */,
			);
			name = "Supporting Files";
			sourceTree = "<group>";
		};
		C508A1CE1344EE170061CF05 /* Classes */ = {
			isa = PBXGroup;
			children = (
				C52C317916925550000F529F /* DMEvent.h */,
				C52C317A16925550000F529F /* DMEvent.m */,
				C508A1CF1344EE170061CF05 /* DMHosts.h */,
				C508A1D01344EE170061CF05 /* DMHosts.m */,
				8E7F5276145A77A000A50607 /* DMNullQueue.h */,
				8E7F5277145A77A000A50607 /* DMNullQueue.m */,
				C508A1D11344EE170061CF05 /* DMRequester.h */,
				C508A1D21344EE170061CF05 /* DMRequester.m */,
				C52C317B16925550000F529F /* DMSession.h */,
				C52C317C16925550000F529F /* DMSession.m */,
				C508A1D31344EE170061CF05 /* DMTracker.h */,
				C508A1D41344EE170061CF05 /* DMTracker.m */,
				C508A1D51344EE170061CF05 /* DMTrackingQueue.h */,
				C508A1D61344EE170061CF05 /* DMTrackingQueue.m */,
				C52C317D16925550000F529F /* NSArray+Map.h */,
				C52C317E16925550000F529F /* NSArray+Map.m */,
				C52C317F16925550000F529F /* NSDictionary+TypedRetrieval.h */,
				C52C318016925550000F529F /* NSDictionary+TypedRetrieval.m */,
				C5BDC258168036B800A37A01 /* NSString+Random.h */,
				C5BDC259168036B800A37A01 /* NSString+Random.m */,
				C508A1D91344EE170061CF05 /* ObjectiveMetrics.h */,
			);
			name = Classes;
			path = ../ObjectiveMetrics;
			sourceTree = "<group>";
		};
		C508A1EA1344EE1D0061CF05 /* JSON */ = {
			isa = PBXGroup;
			children = (
				C508A1EB1344EE1D0061CF05 /* Classes */,
			);
			path = JSON;
			sourceTree = "<group>";
		};
		C508A1EB1344EE1D0061CF05 /* Classes */ = {
			isa = PBXGroup;
			children = (
				C52D454A14C536C80084B298 /* SBJson.h */,
				C508A1F31344EE1D0061CF05 /* SBJsonParser.h */,
				C508A1F51344EE1D0061CF05 /* SBJsonWriter.h */,
				C52D454B14C536C80084B298 /* SBJsonStreamParser.h */,
				C52D454C14C536C80084B298 /* SBJsonStreamParserAccumulator.h */,
				C52D454D14C536C80084B298 /* SBJsonStreamParserAdapter.h */,
				C52D454E14C536C80084B298 /* SBJsonStreamWriter.h */,
				C52D454F14C536C80084B298 /* SBJsonStreamWriterAccumulator.h */,
				C508A1ED1344EE1D0061CF05 /* NSObject+SBJSON.h */,
			);
			name = Classes;
			sourceTree = "<group>";
		};
		C508A2021344EE670061CF05 /* Sparkle */ = {
			isa = PBXGroup;
			children = (
				C508A2031344EE670061CF05 /* Classes */,
			);
			path = Sparkle;
			sourceTree = "<group>";
		};
		C508A2031344EE670061CF05 /* Classes */ = {
			isa = PBXGroup;
			children = (
				8EC75F431470871700850047 /* DMSUHost.h */,
				8EC75F441470871700850047 /* DMSUHost.m */,
				8EC75F451470871700850047 /* DMSUSystemProfiler.h */,
				8EC75F461470871700850047 /* DMSUSystemProfiler.m */,
			);
			name = Classes;
			sourceTree = "<group>";
		};
		C508A21B1344FB7B0061CF05 /* UIDevice-Extension */ = {
			isa = PBXGroup;
			children = (
				C508A2161344FB730061CF05 /* UIDevice-Hardware.h */,
				C508A2171344FB740061CF05 /* UIDevice-Hardware.m */,
			);
			name = "UIDevice-Extension";
			sourceTree = "<group>";
		};
/* End PBXGroup section */

/* Begin PBXHeadersBuildPhase section */
		C508A18D1344ECD60061CF05 /* Headers */ = {
			isa = PBXHeadersBuildPhase;
			buildActionMask = 2147483647;
			files = (
				C508A1DC1344EE170061CF05 /* DMHosts.h in Headers */,
				C508A1DE1344EE170061CF05 /* DMRequester.h in Headers */,
				C508A1E01344EE170061CF05 /* DMTracker.h in Headers */,
				C508A1E21344EE170061CF05 /* DMTrackingQueue.h in Headers */,
				C508A1E61344EE170061CF05 /* ObjectiveMetrics.h in Headers */,
				C508A1F81344EE1D0061CF05 /* NSObject+SBJSON.h in Headers */,
				C508A1FE1344EE1D0061CF05 /* SBJsonParser.h in Headers */,
				C508A2001344EE1D0061CF05 /* SBJsonWriter.h in Headers */,
				C508A2181344FB740061CF05 /* UIDevice-Hardware.h in Headers */,
				8E7F527A145A77A000A50607 /* DMNullQueue.h in Headers */,
				8EC75F471470871700850047 /* DMSUHost.h in Headers */,
				8EC75F491470871700850047 /* DMSUSystemProfiler.h in Headers */,
				C52D455014C536C80084B298 /* SBJson.h in Headers */,
				C52D455114C536C80084B298 /* SBJsonStreamParser.h in Headers */,
				C52D455214C536C80084B298 /* SBJsonStreamParserAccumulator.h in Headers */,
				C52D455314C536C80084B298 /* SBJsonStreamParserAdapter.h in Headers */,
				C52D455414C536C80084B298 /* SBJsonStreamWriter.h in Headers */,
				C52D455514C536C80084B298 /* SBJsonStreamWriterAccumulator.h in Headers */,
				C5BDC25A168036B800A37A01 /* NSString+Random.h in Headers */,
				C52C318116925550000F529F /* DMEvent.h in Headers */,
				C52C318316925550000F529F /* DMSession.h in Headers */,
				C52C318516925550000F529F /* NSArray+Map.h in Headers */,
				C52C318716925550000F529F /* NSDictionary+TypedRetrieval.h in Headers */,
			);
			runOnlyForDeploymentPostprocessing = 0;
		};
/* End PBXHeadersBuildPhase section */

/* Begin PBXNativeTarget section */
		C508A18E1344ECD60061CF05 /* TouchMetrics */ = {
			isa = PBXNativeTarget;
			buildConfigurationList = C508A1991344ECD60061CF05 /* Build configuration list for PBXNativeTarget "TouchMetrics" */;
			buildPhases = (
				C508A18B1344ECD60061CF05 /* Sources */,
				C508A18C1344ECD60061CF05 /* Frameworks */,
				C508A18D1344ECD60061CF05 /* Headers */,
			);
			buildRules = (
			);
			dependencies = (
			);
			name = TouchMetrics;
			productName = TouchMetrics;
			productReference = C508A18F1344ECD60061CF05 /* libTouchMetrics.a */;
			productType = "com.apple.product-type.library.static";
		};
/* End PBXNativeTarget section */

/* Begin PBXProject section */
		C508A1861344ECD60061CF05 /* Project object */ = {
			isa = PBXProject;
			attributes = {
				LastUpgradeCheck = 0420;
			};
			buildConfigurationList = C508A1891344ECD60061CF05 /* Build configuration list for PBXProject "TouchMetrics" */;
			compatibilityVersion = "Xcode 3.2";
			developmentRegion = English;
			hasScannedForEncodings = 0;
			knownRegions = (
				en,
			);
			mainGroup = C508A1841344ECD60061CF05;
			productRefGroup = C508A1901344ECD60061CF05 /* Products */;
			projectDirPath = "";
			projectRoot = "";
			targets = (
				C508A18E1344ECD60061CF05 /* TouchMetrics */,
			);
		};
/* End PBXProject section */

/* Begin PBXSourcesBuildPhase section */
		C508A18B1344ECD60061CF05 /* Sources */ = {
			isa = PBXSourcesBuildPhase;
			buildActionMask = 2147483647;
			files = (
				C508A1DD1344EE170061CF05 /* DMHosts.m in Sources */,
				C508A1DF1344EE170061CF05 /* DMRequester.m in Sources */,
				C508A1E11344EE170061CF05 /* DMTracker.m in Sources */,
				C508A1E31344EE170061CF05 /* DMTrackingQueue.m in Sources */,
				C508A2191344FB740061CF05 /* UIDevice-Hardware.m in Sources */,
				8E7F527B145A77A000A50607 /* DMNullQueue.m in Sources */,
				8EC75F481470871700850047 /* DMSUHost.m in Sources */,
				8EC75F4A1470871700850047 /* DMSUSystemProfiler.m in Sources */,
				C5BDC25B168036B800A37A01 /* NSString+Random.m in Sources */,
				C52C318216925550000F529F /* DMEvent.m in Sources */,
				C52C318416925550000F529F /* DMSession.m in Sources */,
				C52C318616925550000F529F /* NSArray+Map.m in Sources */,
				C52C318816925550000F529F /* NSDictionary+TypedRetrieval.m in Sources */,
			);
			runOnlyForDeploymentPostprocessing = 0;
		};
/* End PBXSourcesBuildPhase section */

/* Begin XCBuildConfiguration section */
		C508A1971344ECD60061CF05 /* Debug */ = {
			isa = XCBuildConfiguration;
			buildSettings = {
				ARCHS = "$(ARCHS_STANDARD_32_BIT)";
				GCC_C_LANGUAGE_STANDARD = gnu99;
				GCC_OPTIMIZATION_LEVEL = 0;
				GCC_PREPROCESSOR_DEFINITIONS = DEBUG;
				GCC_SYMBOLS_PRIVATE_EXTERN = NO;
				GCC_WARN_ABOUT_RETURN_TYPE = YES;
				GCC_WARN_UNUSED_VARIABLE = YES;
				IPHONEOS_DEPLOYMENT_TARGET = 4.3;
				SDKROOT = iphoneos;
			};
			name = Debug;
		};
		C508A1981344ECD60061CF05 /* Release */ = {
			isa = XCBuildConfiguration;
			buildSettings = {
				ARCHS = "$(ARCHS_STANDARD_32_BIT)";
				GCC_C_LANGUAGE_STANDARD = gnu99;
				GCC_WARN_ABOUT_RETURN_TYPE = YES;
				GCC_WARN_UNUSED_VARIABLE = YES;
				IPHONEOS_DEPLOYMENT_TARGET = 4.3;
				SDKROOT = iphoneos;
			};
			name = Release;
		};
		C508A19A1344ECD60061CF05 /* Debug */ = {
			isa = XCBuildConfiguration;
			buildSettings = {
				ALWAYS_SEARCH_USER_PATHS = NO;
				GCC_PRECOMPILE_PREFIX_HEADER = YES;
				GCC_PREFIX_HEADER = "TouchMetrics/TouchMetrics-Prefix.pch";
				OTHER_LDFLAGS = "-ObjC";
				PRODUCT_NAME = "$(TARGET_NAME)";
			};
			name = Debug;
		};
		C508A19B1344ECD60061CF05 /* Release */ = {
			isa = XCBuildConfiguration;
			buildSettings = {
				ALWAYS_SEARCH_USER_PATHS = NO;
				GCC_PRECOMPILE_PREFIX_HEADER = YES;
				GCC_PREFIX_HEADER = "TouchMetrics/TouchMetrics-Prefix.pch";
				OTHER_LDFLAGS = "-ObjC";
				PRODUCT_NAME = "$(TARGET_NAME)";
			};
			name = Release;
		};
/* End XCBuildConfiguration section */

/* Begin XCConfigurationList section */
		C508A1891344ECD60061CF05 /* Build configuration list for PBXProject "TouchMetrics" */ = {
			isa = XCConfigurationList;
			buildConfigurations = (
				C508A1971344ECD60061CF05 /* Debug */,
				C508A1981344ECD60061CF05 /* Release */,
			);
			defaultConfigurationIsVisible = 0;
			defaultConfigurationName = Release;
		};
		C508A1991344ECD60061CF05 /* Build configuration list for PBXNativeTarget "TouchMetrics" */ = {
			isa = XCConfigurationList;
			buildConfigurations = (
				C508A19A1344ECD60061CF05 /* Debug */,
				C508A19B1344ECD60061CF05 /* Release */,
			);
			defaultConfigurationIsVisible = 0;
			defaultConfigurationName = Release;
		};
/* End XCConfigurationList section */
	};
	rootObject = C508A1861344ECD60061CF05 /* Project object */;
}
