// !$*UTF8*$!
{
	archiveVersion = 1;
	classes = {
	};
	objectVersion = 46;
	objects = {

/* Begin PBXBuildFile section */
		8E19EC1113AEFEC4007CE280 /* DMNullQueue.h in Headers */ = {isa = PBXBuildFile; fileRef = 8E19EC0F13AEFEC4007CE280 /* DMNullQueue.h */; };
		8E19EC1213AEFEC4007CE280 /* DMNullQueue.m in Sources */ = {isa = PBXBuildFile; fileRef = 8E19EC1013AEFEC4007CE280 /* DMNullQueue.m */; };
		8E22935F133CF4DB00183BA9 /* DMTracker.h in Headers */ = {isa = PBXBuildFile; fileRef = 8EF751B01339006600609001 /* DMTracker.h */; settings = {ATTRIBUTES = (Public, ); }; };
		8E229361133CF60700183BA9 /* ObjectiveMetrics.h in Headers */ = {isa = PBXBuildFile; fileRef = 8E229360133CF60700183BA9 /* ObjectiveMetrics.h */; settings = {ATTRIBUTES = (Public, ); }; };
		8E229363133CF63600183BA9 /* DMRequester.h in Headers */ = {isa = PBXBuildFile; fileRef = 8E6D6A2B133BFC5700E5F8A8 /* DMRequester.h */; };
		8E229364133CF63600183BA9 /* DMTrackingQueue.h in Headers */ = {isa = PBXBuildFile; fileRef = 8EF751B5133900F700609001 /* DMTrackingQueue.h */; };
		8E229368133CFEB500183BA9 /* DMHosts.h in Headers */ = {isa = PBXBuildFile; fileRef = 8E229366133CFEB500183BA9 /* DMHosts.h */; };
		8E229369133CFEB500183BA9 /* DMHosts.m in Sources */ = {isa = PBXBuildFile; fileRef = 8E229367133CFEB500183BA9 /* DMHosts.m */; };
		8E279CDF133AC0EB00B4CB82 /* DMTracker.m in Sources */ = {isa = PBXBuildFile; fileRef = 8EF751B11339006600609001 /* DMTracker.m */; };
		8E279CE0133AC0EB00B4CB82 /* DMTrackingQueue.m in Sources */ = {isa = PBXBuildFile; fileRef = 8EF751B6133900F700609001 /* DMTrackingQueue.m */; };
		8E279CE6133AC0EB00B4CB82 /* Cocoa.framework in Frameworks */ = {isa = PBXBuildFile; fileRef = 8E8A0EB51337FBA500CA6E47 /* Cocoa.framework */; };
		8E279CEF133AC0EB00B4CB82 /* InfoPlist.strings in Resources */ = {isa = PBXBuildFile; fileRef = 8E8A0EBE1337FBA500CA6E47 /* InfoPlist.strings */; };
		8E6D6A2E133BFC5700E5F8A8 /* DMRequester.m in Sources */ = {isa = PBXBuildFile; fileRef = 8E6D6A2C133BFC5700E5F8A8 /* DMRequester.m */; };
		8EC75F531470872E00850047 /* DMSUHost.h in Headers */ = {isa = PBXBuildFile; fileRef = 8EC75F4F1470872E00850047 /* DMSUHost.h */; };
		8EC75F541470872E00850047 /* DMSUHost.m in Sources */ = {isa = PBXBuildFile; fileRef = 8EC75F501470872E00850047 /* DMSUHost.m */; };
		8EC75F551470872E00850047 /* DMSUSystemProfiler.h in Headers */ = {isa = PBXBuildFile; fileRef = 8EC75F511470872E00850047 /* DMSUSystemProfiler.h */; };
		8EC75F561470872E00850047 /* DMSUSystemProfiler.m in Sources */ = {isa = PBXBuildFile; fileRef = 8EC75F521470872E00850047 /* DMSUSystemProfiler.m */; };
		C53A92101481A160007A5DD9 /* SBJson.framework in Frameworks */ = {isa = PBXBuildFile; fileRef = C53A920F1481A160007A5DD9 /* SBJson.framework */; };
		C5BDC255168036AD00A37A01 /* NSString+Random.h in Headers */ = {isa = PBXBuildFile; fileRef = C5BDC253168036AD00A37A01 /* NSString+Random.h */; };
		C5BDC256168036AD00A37A01 /* NSString+Random.m in Sources */ = {isa = PBXBuildFile; fileRef = C5BDC254168036AD00A37A01 /* NSString+Random.m */; };
		C5D40C02168EBDBF00BAD826 /* DMSession.h in Headers */ = {isa = PBXBuildFile; fileRef = C5D40C00168EBDBF00BAD826 /* DMSession.h */; };
		C5D40C03168EBDBF00BAD826 /* DMSession.m in Sources */ = {isa = PBXBuildFile; fileRef = C5D40C01168EBDBF00BAD826 /* DMSession.m */; };
		C5D40C06168EC23C00BAD826 /* NSDictionary+TypedRetrieval.h in Headers */ = {isa = PBXBuildFile; fileRef = C5D40C04168EC23C00BAD826 /* NSDictionary+TypedRetrieval.h */; };
		C5D40C07168EC23C00BAD826 /* NSDictionary+TypedRetrieval.m in Sources */ = {isa = PBXBuildFile; fileRef = C5D40C05168EC23C00BAD826 /* NSDictionary+TypedRetrieval.m */; };
		C5D40C0A168ED33400BAD826 /* NSArray+Map.h in Headers */ = {isa = PBXBuildFile; fileRef = C5D40C08168ED33400BAD826 /* NSArray+Map.h */; };
		C5D40C0B168ED33400BAD826 /* NSArray+Map.m in Sources */ = {isa = PBXBuildFile; fileRef = C5D40C09168ED33400BAD826 /* NSArray+Map.m */; };
		C5D40C0E168ED68500BAD826 /* DMEvent.h in Headers */ = {isa = PBXBuildFile; fileRef = C5D40C0C168ED68500BAD826 /* DMEvent.h */; };
		C5D40C0F168ED68500BAD826 /* DMEvent.m in Sources */ = {isa = PBXBuildFile; fileRef = C5D40C0D168ED68500BAD826 /* DMEvent.m */; };
/* End PBXBuildFile section */

/* Begin PBXFileReference section */
		8E19EC0F13AEFEC4007CE280 /* DMNullQueue.h */ = {isa = PBXFileReference; fileEncoding = 4; lastKnownFileType = sourcecode.c.h; path = DMNullQueue.h; sourceTree = "<group>"; };
		8E19EC1013AEFEC4007CE280 /* DMNullQueue.m */ = {isa = PBXFileReference; fileEncoding = 4; lastKnownFileType = sourcecode.c.objc; path = DMNullQueue.m; sourceTree = "<group>"; };
		8E229360133CF60700183BA9 /* ObjectiveMetrics.h */ = {isa = PBXFileReference; fileEncoding = 4; lastKnownFileType = sourcecode.c.h; path = ObjectiveMetrics.h; sourceTree = "<group>"; };
		8E229366133CFEB500183BA9 /* DMHosts.h */ = {isa = PBXFileReference; fileEncoding = 4; lastKnownFileType = sourcecode.c.h; path = DMHosts.h; sourceTree = "<group>"; };
		8E229367133CFEB500183BA9 /* DMHosts.m */ = {isa = PBXFileReference; fileEncoding = 4; lastKnownFileType = sourcecode.c.objc; path = DMHosts.m; sourceTree = "<group>"; };
		8E279CF3133AC0EB00B4CB82 /* ObjectiveMetrics.framework */ = {isa = PBXFileReference; explicitFileType = wrapper.framework; includeInIndex = 0; path = ObjectiveMetrics.framework; sourceTree = BUILT_PRODUCTS_DIR; };
		8E6D6A2B133BFC5700E5F8A8 /* DMRequester.h */ = {isa = PBXFileReference; fileEncoding = 4; lastKnownFileType = sourcecode.c.h; path = DMRequester.h; sourceTree = "<group>"; };
		8E6D6A2C133BFC5700E5F8A8 /* DMRequester.m */ = {isa = PBXFileReference; fileEncoding = 4; lastKnownFileType = sourcecode.c.objc; path = DMRequester.m; sourceTree = "<group>"; };
		8E8A0EB51337FBA500CA6E47 /* Cocoa.framework */ = {isa = PBXFileReference; lastKnownFileType = wrapper.framework; name = Cocoa.framework; path = System/Library/Frameworks/Cocoa.framework; sourceTree = SDKROOT; };
		8E8A0EB81337FBA500CA6E47 /* AppKit.framework */ = {isa = PBXFileReference; lastKnownFileType = wrapper.framework; name = AppKit.framework; path = System/Library/Frameworks/AppKit.framework; sourceTree = SDKROOT; };
		8E8A0EB91337FBA500CA6E47 /* CoreData.framework */ = {isa = PBXFileReference; lastKnownFileType = wrapper.framework; name = CoreData.framework; path = System/Library/Frameworks/CoreData.framework; sourceTree = SDKROOT; };
		8E8A0EBA1337FBA500CA6E47 /* Foundation.framework */ = {isa = PBXFileReference; lastKnownFileType = wrapper.framework; name = Foundation.framework; path = System/Library/Frameworks/Foundation.framework; sourceTree = SDKROOT; };
		8E8A0EBD1337FBA500CA6E47 /* ObjectiveMetrics-Info.plist */ = {isa = PBXFileReference; lastKnownFileType = text.plist.xml; path = "ObjectiveMetrics-Info.plist"; sourceTree = "<group>"; };
		8E8A0EBF1337FBA500CA6E47 /* en */ = {isa = PBXFileReference; lastKnownFileType = text.plist.strings; name = en; path = en.lproj/InfoPlist.strings; sourceTree = "<group>"; };
		8E8A0EC11337FBA500CA6E47 /* ObjectiveMetrics-Prefix.pch */ = {isa = PBXFileReference; lastKnownFileType = sourcecode.c.h; path = "ObjectiveMetrics-Prefix.pch"; sourceTree = "<group>"; };
		8EC75F4F1470872E00850047 /* DMSUHost.h */ = {isa = PBXFileReference; fileEncoding = 4; lastKnownFileType = sourcecode.c.h; path = DMSUHost.h; sourceTree = "<group>"; };
		8EC75F501470872E00850047 /* DMSUHost.m */ = {isa = PBXFileReference; fileEncoding = 4; lastKnownFileType = sourcecode.c.objc; path = DMSUHost.m; sourceTree = "<group>"; };
		8EC75F511470872E00850047 /* DMSUSystemProfiler.h */ = {isa = PBXFileReference; fileEncoding = 4; lastKnownFileType = sourcecode.c.h; path = DMSUSystemProfiler.h; sourceTree = "<group>"; };
		8EC75F521470872E00850047 /* DMSUSystemProfiler.m */ = {isa = PBXFileReference; fileEncoding = 4; lastKnownFileType = sourcecode.c.objc; path = DMSUSystemProfiler.m; sourceTree = "<group>"; };
		8EF751B01339006600609001 /* DMTracker.h */ = {isa = PBXFileReference; fileEncoding = 4; lastKnownFileType = sourcecode.c.h; path = DMTracker.h; sourceTree = "<group>"; };
		8EF751B11339006600609001 /* DMTracker.m */ = {isa = PBXFileReference; fileEncoding = 4; lastKnownFileType = sourcecode.c.objc; path = DMTracker.m; sourceTree = "<group>"; };
		8EF751B5133900F700609001 /* DMTrackingQueue.h */ = {isa = PBXFileReference; fileEncoding = 4; lastKnownFileType = sourcecode.c.h; path = DMTrackingQueue.h; sourceTree = "<group>"; };
		8EF751B6133900F700609001 /* DMTrackingQueue.m */ = {isa = PBXFileReference; fileEncoding = 4; lastKnownFileType = sourcecode.c.objc; path = DMTrackingQueue.m; sourceTree = "<group>"; };
		C53A920F1481A160007A5DD9 /* SBJson.framework */ = {isa = PBXFileReference; lastKnownFileType = wrapper.framework; name = SBJson.framework; path = Frameworks/SBJson.framework; sourceTree = "<group>"; };
		C5BDC253168036AD00A37A01 /* NSString+Random.h */ = {isa = PBXFileReference; fileEncoding = 4; lastKnownFileType = sourcecode.c.h; path = "NSString+Random.h"; sourceTree = "<group>"; };
		C5BDC254168036AD00A37A01 /* NSString+Random.m */ = {isa = PBXFileReference; fileEncoding = 4; lastKnownFileType = sourcecode.c.objc; path = "NSString+Random.m"; sourceTree = "<group>"; };
		C5D40C00168EBDBF00BAD826 /* DMSession.h */ = {isa = PBXFileReference; fileEncoding = 4; lastKnownFileType = sourcecode.c.h; path = DMSession.h; sourceTree = "<group>"; };
		C5D40C01168EBDBF00BAD826 /* DMSession.m */ = {isa = PBXFileReference; fileEncoding = 4; lastKnownFileType = sourcecode.c.objc; path = DMSession.m; sourceTree = "<group>"; };
		C5D40C04168EC23C00BAD826 /* NSDictionary+TypedRetrieval.h */ = {isa = PBXFileReference; fileEncoding = 4; lastKnownFileType = sourcecode.c.h; path = "NSDictionary+TypedRetrieval.h"; sourceTree = "<group>"; };
		C5D40C05168EC23C00BAD826 /* NSDictionary+TypedRetrieval.m */ = {isa = PBXFileReference; fileEncoding = 4; lastKnownFileType = sourcecode.c.objc; path = "NSDictionary+TypedRetrieval.m"; sourceTree = "<group>"; };
		C5D40C08168ED33400BAD826 /* NSArray+Map.h */ = {isa = PBXFileReference; fileEncoding = 4; lastKnownFileType = sourcecode.c.h; path = "NSArray+Map.h"; sourceTree = "<group>"; };
		C5D40C09168ED33400BAD826 /* NSArray+Map.m */ = {isa = PBXFileReference; fileEncoding = 4; lastKnownFileType = sourcecode.c.objc; path = "NSArray+Map.m"; sourceTree = "<group>"; };
		C5D40C0C168ED68500BAD826 /* DMEvent.h */ = {isa = PBXFileReference; fileEncoding = 4; lastKnownFileType = sourcecode.c.h; path = DMEvent.h; sourceTree = "<group>"; };
		C5D40C0D168ED68500BAD826 /* DMEvent.m */ = {isa = PBXFileReference; fileEncoding = 4; lastKnownFileType = sourcecode.c.objc; path = DMEvent.m; sourceTree = "<group>"; };
/* End PBXFileReference section */

/* Begin PBXFrameworksBuildPhase section */
		8E279CE5133AC0EB00B4CB82 /* Frameworks */ = {
			isa = PBXFrameworksBuildPhase;
			buildActionMask = 2147483647;
			files = (
				C53A92101481A160007A5DD9 /* SBJson.framework in Frameworks */,
				8E279CE6133AC0EB00B4CB82 /* Cocoa.framework in Frameworks */,
			);
			runOnlyForDeploymentPostprocessing = 0;
		};
/* End PBXFrameworksBuildPhase section */

/* Begin PBXGroup section */
		8E6BA5E4133984F60018E4A3 /* Sparkle */ = {
			isa = PBXGroup;
			children = (
				8E6BA5EF1339850D0018E4A3 /* Classes */,
			);
			path = Sparkle;
			sourceTree = SOURCE_ROOT;
		};
		8E6BA5EF1339850D0018E4A3 /* Classes */ = {
			isa = PBXGroup;
			children = (
				8EC75F4F1470872E00850047 /* DMSUHost.h */,
				8EC75F501470872E00850047 /* DMSUHost.m */,
				8EC75F511470872E00850047 /* DMSUSystemProfiler.h */,
				8EC75F521470872E00850047 /* DMSUSystemProfiler.m */,
			);
			name = Classes;
			sourceTree = "<group>";
		};
		8E8A0EA61337FBA500CA6E47 = {
			isa = PBXGroup;
			children = (
				8E8A0EBB1337FBA500CA6E47 /* ObjectiveMetrics */,
				8E6BA5E4133984F60018E4A3 /* Sparkle */,
				8E8A0EB41337FBA500CA6E47 /* Frameworks */,
				8E279CF3133AC0EB00B4CB82 /* ObjectiveMetrics.framework */,
			);
			sourceTree = "<group>";
		};
		8E8A0EB41337FBA500CA6E47 /* Frameworks */ = {
			isa = PBXGroup;
			children = (
				8E8A0EB51337FBA500CA6E47 /* Cocoa.framework */,
				C53A920F1481A160007A5DD9 /* SBJson.framework */,
				8E8A0EB71337FBA500CA6E47 /* Other Frameworks */,
			);
			name = Frameworks;
			sourceTree = "<group>";
		};
		8E8A0EB71337FBA500CA6E47 /* Other Frameworks */ = {
			isa = PBXGroup;
			children = (
				8E8A0EB81337FBA500CA6E47 /* AppKit.framework */,
				8E8A0EB91337FBA500CA6E47 /* CoreData.framework */,
				8E8A0EBA1337FBA500CA6E47 /* Foundation.framework */,
			);
			name = "Other Frameworks";
			sourceTree = "<group>";
		};
		8E8A0EBB1337FBA500CA6E47 /* ObjectiveMetrics */ = {
			isa = PBXGroup;
			children = (
				8E8A0EC71337FC7600CA6E47 /* Classes */,
				8E8A0EBC1337FBA500CA6E47 /* Supporting Files */,
			);
			path = ObjectiveMetrics;
			sourceTree = "<group>";
		};
		8E8A0EBC1337FBA500CA6E47 /* Supporting Files */ = {
			isa = PBXGroup;
			children = (
				8E8A0EBD1337FBA500CA6E47 /* ObjectiveMetrics-Info.plist */,
				8E8A0EBE1337FBA500CA6E47 /* InfoPlist.strings */,
				8E8A0EC11337FBA500CA6E47 /* ObjectiveMetrics-Prefix.pch */,
			);
			name = "Supporting Files";
			sourceTree = "<group>";
		};
		8E8A0EC71337FC7600CA6E47 /* Classes */ = {
			isa = PBXGroup;
			children = (
				C5D40C0C168ED68500BAD826 /* DMEvent.h */,
				C5D40C0D168ED68500BAD826 /* DMEvent.m */,
				8E229366133CFEB500183BA9 /* DMHosts.h */,
				8E229367133CFEB500183BA9 /* DMHosts.m */,
				8E19EC0F13AEFEC4007CE280 /* DMNullQueue.h */,
				8E19EC1013AEFEC4007CE280 /* DMNullQueue.m */,
				8E6D6A2B133BFC5700E5F8A8 /* DMRequester.h */,
				8E6D6A2C133BFC5700E5F8A8 /* DMRequester.m */,
				C5D40C00168EBDBF00BAD826 /* DMSession.h */,
				C5D40C01168EBDBF00BAD826 /* DMSession.m */,
				8EF751B01339006600609001 /* DMTracker.h */,
				8EF751B11339006600609001 /* DMTracker.m */,
				8EF751B5133900F700609001 /* DMTrackingQueue.h */,
				8EF751B6133900F700609001 /* DMTrackingQueue.m */,
				C5D40C08168ED33400BAD826 /* NSArray+Map.h */,
				C5D40C09168ED33400BAD826 /* NSArray+Map.m */,
				C5D40C04168EC23C00BAD826 /* NSDictionary+TypedRetrieval.h */,
				C5D40C05168EC23C00BAD826 /* NSDictionary+TypedRetrieval.m */,
				C5BDC253168036AD00A37A01 /* NSString+Random.h */,
				C5BDC254168036AD00A37A01 /* NSString+Random.m */,
				8E229360133CF60700183BA9 /* ObjectiveMetrics.h */,
			);
			name = Classes;
			sourceTree = "<group>";
		};
/* End PBXGroup section */

/* Begin PBXHeadersBuildPhase section */
		8E279CE7133AC0EB00B4CB82 /* Headers */ = {
			isa = PBXHeadersBuildPhase;
			buildActionMask = 2147483647;
			files = (
				8E22935F133CF4DB00183BA9 /* DMTracker.h in Headers */,
				8E229361133CF60700183BA9 /* ObjectiveMetrics.h in Headers */,
				8E229363133CF63600183BA9 /* DMRequester.h in Headers */,
				8E229364133CF63600183BA9 /* DMTrackingQueue.h in Headers */,
				8E229368133CFEB500183BA9 /* DMHosts.h in Headers */,
				8E19EC1113AEFEC4007CE280 /* DMNullQueue.h in Headers */,
				8EC75F531470872E00850047 /* DMSUHost.h in Headers */,
				8EC75F551470872E00850047 /* DMSUSystemProfiler.h in Headers */,
				C5BDC255168036AD00A37A01 /* NSString+Random.h in Headers */,
				C5D40C02168EBDBF00BAD826 /* DMSession.h in Headers */,
				C5D40C06168EC23C00BAD826 /* NSDictionary+TypedRetrieval.h in Headers */,
				C5D40C0A168ED33400BAD826 /* NSArray+Map.h in Headers */,
				C5D40C0E168ED68500BAD826 /* DMEvent.h in Headers */,
			);
			runOnlyForDeploymentPostprocessing = 0;
		};
/* End PBXHeadersBuildPhase section */

/* Begin PBXNativeTarget section */
		8E279CDD133AC0EB00B4CB82 /* ObjectiveMetrics */ = {
			isa = PBXNativeTarget;
			buildConfigurationList = 8E279CF0133AC0EB00B4CB82 /* Build configuration list for PBXNativeTarget "ObjectiveMetrics" */;
			buildPhases = (
				8E279CDE133AC0EB00B4CB82 /* Sources */,
				8E279CE5133AC0EB00B4CB82 /* Frameworks */,
				8E279CE7133AC0EB00B4CB82 /* Headers */,
				8E279CEE133AC0EB00B4CB82 /* Resources */,
			);
			buildRules = (
			);
			dependencies = (
			);
			name = ObjectiveMetrics;
			productName = ObjectiveMetrics;
			productReference = 8E279CF3133AC0EB00B4CB82 /* ObjectiveMetrics.framework */;
			productType = "com.apple.product-type.framework";
		};
/* End PBXNativeTarget section */

/* Begin PBXProject section */
		8E8A0EA81337FBA500CA6E47 /* Project object */ = {
			isa = PBXProject;
			attributes = {
				LastUpgradeCheck = 0460;
				ORGANIZATIONNAME = devSoft;
			};
			buildConfigurationList = 8E8A0EAB1337FBA500CA6E47 /* Build configuration list for PBXProject "ObjectiveMetrics" */;
			compatibilityVersion = "Xcode 3.2";
			developmentRegion = English;
			hasScannedForEncodings = 0;
			knownRegions = (
				en,
			);
			mainGroup = 8E8A0EA61337FBA500CA6E47;
			productRefGroup = 8E8A0EA61337FBA500CA6E47;
			projectDirPath = "";
			projectRoot = "";
			targets = (
				8E279CDD133AC0EB00B4CB82 /* ObjectiveMetrics */,
			);
		};
/* End PBXProject section */

/* Begin PBXResourcesBuildPhase section */
		8E279CEE133AC0EB00B4CB82 /* Resources */ = {
			isa = PBXResourcesBuildPhase;
			buildActionMask = 2147483647;
			files = (
				8E279CEF133AC0EB00B4CB82 /* InfoPlist.strings in Resources */,
			);
			runOnlyForDeploymentPostprocessing = 0;
		};
/* End PBXResourcesBuildPhase section */

/* Begin PBXSourcesBuildPhase section */
		8E279CDE133AC0EB00B4CB82 /* Sources */ = {
			isa = PBXSourcesBuildPhase;
			buildActionMask = 2147483647;
			files = (
				8E279CDF133AC0EB00B4CB82 /* DMTracker.m in Sources */,
				8E279CE0133AC0EB00B4CB82 /* DMTrackingQueue.m in Sources */,
				8E6D6A2E133BFC5700E5F8A8 /* DMRequester.m in Sources */,
				8E229369133CFEB500183BA9 /* DMHosts.m in Sources */,
				8E19EC1213AEFEC4007CE280 /* DMNullQueue.m in Sources */,
				8EC75F541470872E00850047 /* DMSUHost.m in Sources */,
				8EC75F561470872E00850047 /* DMSUSystemProfiler.m in Sources */,
				C5BDC256168036AD00A37A01 /* NSString+Random.m in Sources */,
				C5D40C03168EBDBF00BAD826 /* DMSession.m in Sources */,
				C5D40C07168EC23C00BAD826 /* NSDictionary+TypedRetrieval.m in Sources */,
				C5D40C0B168ED33400BAD826 /* NSArray+Map.m in Sources */,
				C5D40C0F168ED68500BAD826 /* DMEvent.m in Sources */,
			);
			runOnlyForDeploymentPostprocessing = 0;
		};
/* End PBXSourcesBuildPhase section */

/* Begin PBXVariantGroup section */
		8E8A0EBE1337FBA500CA6E47 /* InfoPlist.strings */ = {
			isa = PBXVariantGroup;
			children = (
				8E8A0EBF1337FBA500CA6E47 /* en */,
			);
			name = InfoPlist.strings;
			sourceTree = "<group>";
		};
/* End PBXVariantGroup section */

/* Begin XCBuildConfiguration section */
		8E279CF1133AC0EB00B4CB82 /* Debug */ = {
			isa = XCBuildConfiguration;
			buildSettings = {
				ALWAYS_SEARCH_USER_PATHS = NO;
				COMBINE_HIDPI_IMAGES = YES;
				COPY_PHASE_STRIP = NO;
				DYLIB_COMPATIBILITY_VERSION = 1;
				DYLIB_CURRENT_VERSION = 1;
				FRAMEWORK_SEARCH_PATHS = (
					"$(inherited)",
					"\"$(SRCROOT)/Frameworks\"",
				);
				FRAMEWORK_VERSION = A;
				GCC_DYNAMIC_NO_PIC = NO;
				GCC_PRECOMPILE_PREFIX_HEADER = YES;
				GCC_PREFIX_HEADER = "ObjectiveMetrics/ObjectiveMetrics-Prefix.pch";
				INFOPLIST_FILE = "ObjectiveMetrics/ObjectiveMetrics-Info.plist";
				PRODUCT_NAME = ObjectiveMetrics;
				WRAPPER_EXTENSION = framework;
			};
			name = Debug;
		};
		8E279CF2133AC0EB00B4CB82 /* Release */ = {
			isa = XCBuildConfiguration;
			buildSettings = {
				ALWAYS_SEARCH_USER_PATHS = NO;
				COMBINE_HIDPI_IMAGES = YES;
				COPY_PHASE_STRIP = YES;
				DEBUG_INFORMATION_FORMAT = "dwarf-with-dsym";
				DYLIB_COMPATIBILITY_VERSION = 1;
				DYLIB_CURRENT_VERSION = 1;
				FRAMEWORK_SEARCH_PATHS = (
					"$(inherited)",
					"\"$(SRCROOT)/Frameworks\"",
				);
				FRAMEWORK_VERSION = A;
				GCC_PRECOMPILE_PREFIX_HEADER = YES;
				GCC_PREFIX_HEADER = "ObjectiveMetrics/ObjectiveMetrics-Prefix.pch";
				INFOPLIST_FILE = "ObjectiveMetrics/ObjectiveMetrics-Info.plist";
				PRODUCT_NAME = ObjectiveMetrics;
				WRAPPER_EXTENSION = framework;
			};
			name = Release;
		};
		8E8A0EC21337FBA500CA6E47 /* Debug */ = {
			isa = XCBuildConfiguration;
			buildSettings = {
				ARCHS = "$(ARCHS_STANDARD_32_64_BIT)";
				CLANG_WARN_CONSTANT_CONVERSION = YES;
				CLANG_WARN_ENUM_CONVERSION = YES;
				CLANG_WARN_INT_CONVERSION = YES;
				CLANG_WARN__DUPLICATE_METHOD_MATCH = YES;
				GCC_C_LANGUAGE_STANDARD = gnu99;
				GCC_OPTIMIZATION_LEVEL = 0;
				GCC_PREPROCESSOR_DEFINITIONS = DEBUG;
				GCC_SYMBOLS_PRIVATE_EXTERN = NO;
				GCC_VERSION = com.apple.compilers.llvm.clang.1_0;
				GCC_WARN_64_TO_32_BIT_CONVERSION = YES;
				GCC_WARN_ABOUT_RETURN_TYPE = YES;
				GCC_WARN_UNINITIALIZED_AUTOS = YES;
				GCC_WARN_UNUSED_VARIABLE = YES;
				INSTALL_PATH = "@rpath";
				MACOSX_DEPLOYMENT_TARGET = 10.6;
				ONLY_ACTIVE_ARCH = YES;
				SDKROOT = macosx;
			};
			name = Debug;
		};
		8E8A0EC31337FBA500CA6E47 /* Release */ = {
			isa = XCBuildConfiguration;
			buildSettings = {
				ARCHS = "$(ARCHS_STANDARD_32_64_BIT)";
				CLANG_WARN_CONSTANT_CONVERSION = YES;
				CLANG_WARN_ENUM_CONVERSION = YES;
				CLANG_WARN_INT_CONVERSION = YES;
				CLANG_WARN__DUPLICATE_METHOD_MATCH = YES;
				GCC_C_LANGUAGE_STANDARD = gnu99;
				GCC_VERSION = com.apple.compilers.llvm.clang.1_0;
				GCC_WARN_64_TO_32_BIT_CONVERSION = YES;
				GCC_WARN_ABOUT_RETURN_TYPE = YES;
				GCC_WARN_UNINITIALIZED_AUTOS = YES;
				GCC_WARN_UNUSED_VARIABLE = YES;
				INSTALL_PATH = "@rpath";
				MACOSX_DEPLOYMENT_TARGET = 10.6;
				SDKROOT = macosx;
			};
			name = Release;
		};
/* End XCBuildConfiguration section */

/* Begin XCConfigurationList section */
		8E279CF0133AC0EB00B4CB82 /* Build configuration list for PBXNativeTarget "ObjectiveMetrics" */ = {
			isa = XCConfigurationList;
			buildConfigurations = (
				8E279CF1133AC0EB00B4CB82 /* Debug */,
				8E279CF2133AC0EB00B4CB82 /* Release */,
			);
			defaultConfigurationIsVisible = 0;
			defaultConfigurationName = Release;
		};
		8E8A0EAB1337FBA500CA6E47 /* Build configuration list for PBXProject "ObjectiveMetrics" */ = {
			isa = XCConfigurationList;
			buildConfigurations = (
				8E8A0EC21337FBA500CA6E47 /* Debug */,
				8E8A0EC31337FBA500CA6E47 /* Release */,
			);
			defaultConfigurationIsVisible = 0;
			defaultConfigurationName = Release;
		};
/* End XCConfigurationList section */
	};
	rootObject = 8E8A0EA81337FBA500CA6E47 /* Project object */;
}
