// !$*UTF8*$!
{
	archiveVersion = 1;
	classes = {
	};
	objectVersion = 46;
	objects = {

/* Begin PBXBuildFile section */
		8E22935F133CF4DB00183BA9 /* DMTracker.h in Headers */ = {isa = PBXBuildFile; fileRef = 8EF751B01339006600609001 /* DMTracker.h */; settings = {ATTRIBUTES = (Public, ); }; };
		8E229361133CF60700183BA9 /* ObjectiveMetrics.h in Headers */ = {isa = PBXBuildFile; fileRef = 8E229360133CF60700183BA9 /* ObjectiveMetrics.h */; settings = {ATTRIBUTES = (Public, ); }; };
		8E229363133CF63600183BA9 /* DMRequester.h in Headers */ = {isa = PBXBuildFile; fileRef = 8E6D6A2B133BFC5700E5F8A8 /* DMRequester.h */; };
		8E229364133CF63600183BA9 /* DMTrackingQueue.h in Headers */ = {isa = PBXBuildFile; fileRef = 8EF751B5133900F700609001 /* DMTrackingQueue.h */; };
		8E229365133CF63600183BA9 /* NSString+DMUUID.h in Headers */ = {isa = PBXBuildFile; fileRef = 8E279C2A133AA9A200B4CB82 /* NSString+DMUUID.h */; };
		8E229368133CFEB500183BA9 /* DMHosts.h in Headers */ = {isa = PBXBuildFile; fileRef = 8E229366133CFEB500183BA9 /* DMHosts.h */; };
		8E229369133CFEB500183BA9 /* DMHosts.m in Sources */ = {isa = PBXBuildFile; fileRef = 8E229367133CFEB500183BA9 /* DMHosts.m */; };
		8E279CDF133AC0EB00B4CB82 /* DMTracker.m in Sources */ = {isa = PBXBuildFile; fileRef = 8EF751B11339006600609001 /* DMTracker.m */; };
		8E279CE0133AC0EB00B4CB82 /* DMTrackingQueue.m in Sources */ = {isa = PBXBuildFile; fileRef = 8EF751B6133900F700609001 /* DMTrackingQueue.m */; };
		8E279CE1133AC0EB00B4CB82 /* SUHost.m in Sources */ = {isa = PBXBuildFile; fileRef = 8E6BA5E6133984F60018E4A3 /* SUHost.m */; };
		8E279CE2133AC0EB00B4CB82 /* SUSystemProfiler.m in Sources */ = {isa = PBXBuildFile; fileRef = 8E6BA5E8133984F60018E4A3 /* SUSystemProfiler.m */; };
		8E279CE4133AC0EB00B4CB82 /* NSString+DMUUID.m in Sources */ = {isa = PBXBuildFile; fileRef = 8E279C2B133AA9A200B4CB82 /* NSString+DMUUID.m */; };
		8E279CE6133AC0EB00B4CB82 /* Cocoa.framework in Frameworks */ = {isa = PBXBuildFile; fileRef = 8E8A0EB51337FBA500CA6E47 /* Cocoa.framework */; };
		8E279CEF133AC0EB00B4CB82 /* InfoPlist.strings in Resources */ = {isa = PBXBuildFile; fileRef = 8E8A0EBE1337FBA500CA6E47 /* InfoPlist.strings */; };
		8E2C20EE1341895F00CCEAC3 /* NSNull+DMTranslate.h in Headers */ = {isa = PBXBuildFile; fileRef = 8E2C20EC1341895F00CCEAC3 /* NSNull+DMTranslate.h */; };
		8E2C20EF1341895F00CCEAC3 /* NSNull+DMTranslate.m in Sources */ = {isa = PBXBuildFile; fileRef = 8E2C20ED1341895F00CCEAC3 /* NSNull+DMTranslate.m */; };
		8E6D6A20133BF9F900E5F8A8 /* NSObject+SBJSON.m in Sources */ = {isa = PBXBuildFile; fileRef = 8E6D6A15133BF9F900E5F8A8 /* NSObject+SBJSON.m */; };
		8E6D6A22133BF9F900E5F8A8 /* NSString+SBJSON.m in Sources */ = {isa = PBXBuildFile; fileRef = 8E6D6A17133BF9F900E5F8A8 /* NSString+SBJSON.m */; };
		8E6D6A24133BF9F900E5F8A8 /* SBJsonBase.m in Sources */ = {isa = PBXBuildFile; fileRef = 8E6D6A19133BF9F900E5F8A8 /* SBJsonBase.m */; };
		8E6D6A26133BF9F900E5F8A8 /* SBJsonParser.m in Sources */ = {isa = PBXBuildFile; fileRef = 8E6D6A1B133BF9F900E5F8A8 /* SBJsonParser.m */; };
		8E6D6A28133BF9F900E5F8A8 /* SBJsonWriter.m in Sources */ = {isa = PBXBuildFile; fileRef = 8E6D6A1D133BF9F900E5F8A8 /* SBJsonWriter.m */; };
		8E6D6A2E133BFC5700E5F8A8 /* DMRequester.m in Sources */ = {isa = PBXBuildFile; fileRef = 8E6D6A2C133BFC5700E5F8A8 /* DMRequester.m */; };
/* End PBXBuildFile section */

/* Begin PBXFileReference section */
		8E229360133CF60700183BA9 /* ObjectiveMetrics.h */ = {isa = PBXFileReference; fileEncoding = 4; lastKnownFileType = sourcecode.c.h; path = ObjectiveMetrics.h; sourceTree = "<group>"; };
		8E229366133CFEB500183BA9 /* DMHosts.h */ = {isa = PBXFileReference; fileEncoding = 4; lastKnownFileType = sourcecode.c.h; path = DMHosts.h; sourceTree = "<group>"; };
		8E229367133CFEB500183BA9 /* DMHosts.m */ = {isa = PBXFileReference; fileEncoding = 4; lastKnownFileType = sourcecode.c.objc; path = DMHosts.m; sourceTree = "<group>"; };
		8E279C2A133AA9A200B4CB82 /* NSString+DMUUID.h */ = {isa = PBXFileReference; fileEncoding = 4; lastKnownFileType = sourcecode.c.h; path = "NSString+DMUUID.h"; sourceTree = "<group>"; };
		8E279C2B133AA9A200B4CB82 /* NSString+DMUUID.m */ = {isa = PBXFileReference; fileEncoding = 4; lastKnownFileType = sourcecode.c.objc; path = "NSString+DMUUID.m"; sourceTree = "<group>"; };
		8E279CF3133AC0EB00B4CB82 /* ObjectiveMetrics.framework */ = {isa = PBXFileReference; explicitFileType = wrapper.framework; includeInIndex = 0; path = ObjectiveMetrics.framework; sourceTree = BUILT_PRODUCTS_DIR; };
		8E2C20EC1341895F00CCEAC3 /* NSNull+DMTranslate.h */ = {isa = PBXFileReference; fileEncoding = 4; lastKnownFileType = sourcecode.c.h; path = "NSNull+DMTranslate.h"; sourceTree = "<group>"; };
		8E2C20ED1341895F00CCEAC3 /* NSNull+DMTranslate.m */ = {isa = PBXFileReference; fileEncoding = 4; lastKnownFileType = sourcecode.c.objc; path = "NSNull+DMTranslate.m"; sourceTree = "<group>"; };
		8E6BA5E5133984F60018E4A3 /* SUHost.h */ = {isa = PBXFileReference; fileEncoding = 4; lastKnownFileType = sourcecode.c.h; path = SUHost.h; sourceTree = "<group>"; };
		8E6BA5E6133984F60018E4A3 /* SUHost.m */ = {isa = PBXFileReference; fileEncoding = 4; lastKnownFileType = sourcecode.c.objc; path = SUHost.m; sourceTree = "<group>"; };
		8E6BA5E7133984F60018E4A3 /* SUSystemProfiler.h */ = {isa = PBXFileReference; fileEncoding = 4; lastKnownFileType = sourcecode.c.h; path = SUSystemProfiler.h; sourceTree = "<group>"; };
		8E6BA5E8133984F60018E4A3 /* SUSystemProfiler.m */ = {isa = PBXFileReference; fileEncoding = 4; lastKnownFileType = sourcecode.c.objc; path = SUSystemProfiler.m; sourceTree = "<group>"; };
		8E6D6A13133BF9F900E5F8A8 /* JSON.h */ = {isa = PBXFileReference; fileEncoding = 4; lastKnownFileType = sourcecode.c.h; path = JSON.h; sourceTree = "<group>"; };
		8E6D6A14133BF9F900E5F8A8 /* NSObject+SBJSON.h */ = {isa = PBXFileReference; fileEncoding = 4; lastKnownFileType = sourcecode.c.h; path = "NSObject+SBJSON.h"; sourceTree = "<group>"; };
		8E6D6A15133BF9F900E5F8A8 /* NSObject+SBJSON.m */ = {isa = PBXFileReference; fileEncoding = 4; lastKnownFileType = sourcecode.c.objc; path = "NSObject+SBJSON.m"; sourceTree = "<group>"; };
		8E6D6A16133BF9F900E5F8A8 /* NSString+SBJSON.h */ = {isa = PBXFileReference; fileEncoding = 4; lastKnownFileType = sourcecode.c.h; path = "NSString+SBJSON.h"; sourceTree = "<group>"; };
		8E6D6A17133BF9F900E5F8A8 /* NSString+SBJSON.m */ = {isa = PBXFileReference; fileEncoding = 4; lastKnownFileType = sourcecode.c.objc; path = "NSString+SBJSON.m"; sourceTree = "<group>"; };
		8E6D6A18133BF9F900E5F8A8 /* SBJsonBase.h */ = {isa = PBXFileReference; fileEncoding = 4; lastKnownFileType = sourcecode.c.h; path = SBJsonBase.h; sourceTree = "<group>"; };
		8E6D6A19133BF9F900E5F8A8 /* SBJsonBase.m */ = {isa = PBXFileReference; fileEncoding = 4; lastKnownFileType = sourcecode.c.objc; path = SBJsonBase.m; sourceTree = "<group>"; };
		8E6D6A1A133BF9F900E5F8A8 /* SBJsonParser.h */ = {isa = PBXFileReference; fileEncoding = 4; lastKnownFileType = sourcecode.c.h; path = SBJsonParser.h; sourceTree = "<group>"; };
		8E6D6A1B133BF9F900E5F8A8 /* SBJsonParser.m */ = {isa = PBXFileReference; fileEncoding = 4; lastKnownFileType = sourcecode.c.objc; path = SBJsonParser.m; sourceTree = "<group>"; };
		8E6D6A1C133BF9F900E5F8A8 /* SBJsonWriter.h */ = {isa = PBXFileReference; fileEncoding = 4; lastKnownFileType = sourcecode.c.h; path = SBJsonWriter.h; sourceTree = "<group>"; };
		8E6D6A1D133BF9F900E5F8A8 /* SBJsonWriter.m */ = {isa = PBXFileReference; fileEncoding = 4; lastKnownFileType = sourcecode.c.objc; path = SBJsonWriter.m; sourceTree = "<group>"; };
		8E6D6A2B133BFC5700E5F8A8 /* DMRequester.h */ = {isa = PBXFileReference; fileEncoding = 4; lastKnownFileType = sourcecode.c.h; path = DMRequester.h; sourceTree = "<group>"; };
		8E6D6A2C133BFC5700E5F8A8 /* DMRequester.m */ = {isa = PBXFileReference; fileEncoding = 4; lastKnownFileType = sourcecode.c.objc; path = DMRequester.m; sourceTree = "<group>"; };
		8E8A0EB51337FBA500CA6E47 /* Cocoa.framework */ = {isa = PBXFileReference; lastKnownFileType = wrapper.framework; name = Cocoa.framework; path = System/Library/Frameworks/Cocoa.framework; sourceTree = SDKROOT; };
		8E8A0EB81337FBA500CA6E47 /* AppKit.framework */ = {isa = PBXFileReference; lastKnownFileType = wrapper.framework; name = AppKit.framework; path = System/Library/Frameworks/AppKit.framework; sourceTree = SDKROOT; };
		8E8A0EB91337FBA500CA6E47 /* CoreData.framework */ = {isa = PBXFileReference; lastKnownFileType = wrapper.framework; name = CoreData.framework; path = System/Library/Frameworks/CoreData.framework; sourceTree = SDKROOT; };
		8E8A0EBA1337FBA500CA6E47 /* Foundation.framework */ = {isa = PBXFileReference; lastKnownFileType = wrapper.framework; name = Foundation.framework; path = System/Library/Frameworks/Foundation.framework; sourceTree = SDKROOT; };
		8E8A0EBD1337FBA500CA6E47 /* ObjectiveMetrics-Info.plist */ = {isa = PBXFileReference; lastKnownFileType = text.plist.xml; path = "ObjectiveMetrics-Info.plist"; sourceTree = "<group>"; };
		8E8A0EBF1337FBA500CA6E47 /* en */ = {isa = PBXFileReference; lastKnownFileType = text.plist.strings; name = en; path = en.lproj/InfoPlist.strings; sourceTree = "<group>"; };
		8E8A0EC11337FBA500CA6E47 /* ObjectiveMetrics-Prefix.pch */ = {isa = PBXFileReference; lastKnownFileType = sourcecode.c.h; path = "ObjectiveMetrics-Prefix.pch"; sourceTree = "<group>"; };
		8EF751B01339006600609001 /* DMTracker.h */ = {isa = PBXFileReference; fileEncoding = 4; lastKnownFileType = sourcecode.c.h; path = DMTracker.h; sourceTree = "<group>"; };
		8EF751B11339006600609001 /* DMTracker.m */ = {isa = PBXFileReference; fileEncoding = 4; lastKnownFileType = sourcecode.c.objc; path = DMTracker.m; sourceTree = "<group>"; };
		8EF751B5133900F700609001 /* DMTrackingQueue.h */ = {isa = PBXFileReference; fileEncoding = 4; lastKnownFileType = sourcecode.c.h; path = DMTrackingQueue.h; sourceTree = "<group>"; };
		8EF751B6133900F700609001 /* DMTrackingQueue.m */ = {isa = PBXFileReference; fileEncoding = 4; lastKnownFileType = sourcecode.c.objc; path = DMTrackingQueue.m; sourceTree = "<group>"; };
/* End PBXFileReference section */

/* Begin PBXFrameworksBuildPhase section */
		8E279CE5133AC0EB00B4CB82 /* Frameworks */ = {
			isa = PBXFrameworksBuildPhase;
			buildActionMask = 2147483647;
			files = (
				8E279CE6133AC0EB00B4CB82 /* Cocoa.framework in Frameworks */,
			);
			runOnlyForDeploymentPostprocessing = 0;
		};
/* End PBXFrameworksBuildPhase section */

/* Begin PBXGroup section */
		8E6BA5E4133984F60018E4A3 /* Sparkle */ = {
			isa = PBXGroup;
			children = (
				8E6BA5EF1339850D0018E4A3 /* Classes */,
			);
			path = Sparkle;
			sourceTree = SOURCE_ROOT;
		};
		8E6BA5EF1339850D0018E4A3 /* Classes */ = {
			isa = PBXGroup;
			children = (
				8E6BA5E5133984F60018E4A3 /* SUHost.h */,
				8E6BA5E6133984F60018E4A3 /* SUHost.m */,
				8E6BA5E7133984F60018E4A3 /* SUSystemProfiler.h */,
				8E6BA5E8133984F60018E4A3 /* SUSystemProfiler.m */,
			);
			name = Classes;
			sourceTree = "<group>";
		};
		8E6D6A12133BF9F900E5F8A8 /* JSON */ = {
			isa = PBXGroup;
			children = (
				8E6D6A2A133BFA0400E5F8A8 /* Classes */,
			);
			path = JSON;
			sourceTree = "<group>";
		};
		8E6D6A2A133BFA0400E5F8A8 /* Classes */ = {
			isa = PBXGroup;
			children = (
				8E6D6A13133BF9F900E5F8A8 /* JSON.h */,
				8E6D6A14133BF9F900E5F8A8 /* NSObject+SBJSON.h */,
				8E6D6A15133BF9F900E5F8A8 /* NSObject+SBJSON.m */,
				8E6D6A16133BF9F900E5F8A8 /* NSString+SBJSON.h */,
				8E6D6A17133BF9F900E5F8A8 /* NSString+SBJSON.m */,
				8E6D6A18133BF9F900E5F8A8 /* SBJsonBase.h */,
				8E6D6A19133BF9F900E5F8A8 /* SBJsonBase.m */,
				8E6D6A1A133BF9F900E5F8A8 /* SBJsonParser.h */,
				8E6D6A1B133BF9F900E5F8A8 /* SBJsonParser.m */,
				8E6D6A1C133BF9F900E5F8A8 /* SBJsonWriter.h */,
				8E6D6A1D133BF9F900E5F8A8 /* SBJsonWriter.m */,
			);
			name = Classes;
			sourceTree = "<group>";
		};
		8E8A0EA61337FBA500CA6E47 = {
			isa = PBXGroup;
			children = (
				8E6D6A12133BF9F900E5F8A8 /* JSON */,
				8E8A0EBB1337FBA500CA6E47 /* ObjectiveMetrics */,
				8E6BA5E4133984F60018E4A3 /* Sparkle */,
				8E8A0EB41337FBA500CA6E47 /* Frameworks */,
				8E279CF3133AC0EB00B4CB82 /* ObjectiveMetrics.framework */,
			);
			sourceTree = "<group>";
		};
		8E8A0EB41337FBA500CA6E47 /* Frameworks */ = {
			isa = PBXGroup;
			children = (
				8E8A0EB51337FBA500CA6E47 /* Cocoa.framework */,
				8E8A0EB71337FBA500CA6E47 /* Other Frameworks */,
			);
			name = Frameworks;
			sourceTree = "<group>";
		};
		8E8A0EB71337FBA500CA6E47 /* Other Frameworks */ = {
			isa = PBXGroup;
			children = (
				8E8A0EB81337FBA500CA6E47 /* AppKit.framework */,
				8E8A0EB91337FBA500CA6E47 /* CoreData.framework */,
				8E8A0EBA1337FBA500CA6E47 /* Foundation.framework */,
			);
			name = "Other Frameworks";
			sourceTree = "<group>";
		};
		8E8A0EBB1337FBA500CA6E47 /* ObjectiveMetrics */ = {
			isa = PBXGroup;
			children = (
				8E8A0EC71337FC7600CA6E47 /* Classes */,
				8E8A0EBC1337FBA500CA6E47 /* Supporting Files */,
			);
			path = ObjectiveMetrics;
			sourceTree = "<group>";
		};
		8E8A0EBC1337FBA500CA6E47 /* Supporting Files */ = {
			isa = PBXGroup;
			children = (
				8E8A0EBD1337FBA500CA6E47 /* ObjectiveMetrics-Info.plist */,
				8E8A0EBE1337FBA500CA6E47 /* InfoPlist.strings */,
				8E8A0EC11337FBA500CA6E47 /* ObjectiveMetrics-Prefix.pch */,
			);
			name = "Supporting Files";
			sourceTree = "<group>";
		};
		8E8A0EC71337FC7600CA6E47 /* Classes */ = {
			isa = PBXGroup;
			children = (
				8E229366133CFEB500183BA9 /* DMHosts.h */,
				8E229367133CFEB500183BA9 /* DMHosts.m */,
				8E6D6A2B133BFC5700E5F8A8 /* DMRequester.h */,
				8E6D6A2C133BFC5700E5F8A8 /* DMRequester.m */,
				8EF751B01339006600609001 /* DMTracker.h */,
				8EF751B11339006600609001 /* DMTracker.m */,
				8EF751B5133900F700609001 /* DMTrackingQueue.h */,
				8EF751B6133900F700609001 /* DMTrackingQueue.m */,
				8E279C2A133AA9A200B4CB82 /* NSString+DMUUID.h */,
				8E279C2B133AA9A200B4CB82 /* NSString+DMUUID.m */,
				8E229360133CF60700183BA9 /* ObjectiveMetrics.h */,
				8E2C20EC1341895F00CCEAC3 /* NSNull+DMTranslate.h */,
				8E2C20ED1341895F00CCEAC3 /* NSNull+DMTranslate.m */,
			);
			name = Classes;
			sourceTree = "<group>";
		};
/* End PBXGroup section */

/* Begin PBXHeadersBuildPhase section */
		8E279CE7133AC0EB00B4CB82 /* Headers */ = {
			isa = PBXHeadersBuildPhase;
			buildActionMask = 2147483647;
			files = (
				8E22935F133CF4DB00183BA9 /* DMTracker.h in Headers */,
				8E229361133CF60700183BA9 /* ObjectiveMetrics.h in Headers */,
				8E229363133CF63600183BA9 /* DMRequester.h in Headers */,
				8E229364133CF63600183BA9 /* DMTrackingQueue.h in Headers */,
				8E229365133CF63600183BA9 /* NSString+DMUUID.h in Headers */,
				8E229368133CFEB500183BA9 /* DMHosts.h in Headers */,
				8E2C20EE1341895F00CCEAC3 /* NSNull+DMTranslate.h in Headers */,
			);
			runOnlyForDeploymentPostprocessing = 0;
		};
/* End PBXHeadersBuildPhase section */

/* Begin PBXNativeTarget section */
		8E279CDD133AC0EB00B4CB82 /* ObjectiveMetrics */ = {
			isa = PBXNativeTarget;
			buildConfigurationList = 8E279CF0133AC0EB00B4CB82 /* Build configuration list for PBXNativeTarget "ObjectiveMetrics" */;
			buildPhases = (
				8E279CDE133AC0EB00B4CB82 /* Sources */,
				8E279CE5133AC0EB00B4CB82 /* Frameworks */,
				8E279CE7133AC0EB00B4CB82 /* Headers */,
				8E279CEE133AC0EB00B4CB82 /* Resources */,
			);
			buildRules = (
			);
			dependencies = (
			);
			name = ObjectiveMetrics;
			productName = ObjectiveMetrics;
			productReference = 8E279CF3133AC0EB00B4CB82 /* ObjectiveMetrics.framework */;
			productType = "com.apple.product-type.framework";
		};
/* End PBXNativeTarget section */

/* Begin PBXProject section */
		8E8A0EA81337FBA500CA6E47 /* Project object */ = {
			isa = PBXProject;
			attributes = {
				ORGANIZATIONNAME = devSoft;
			};
			buildConfigurationList = 8E8A0EAB1337FBA500CA6E47 /* Build configuration list for PBXProject "ObjectiveMetrics" */;
			compatibilityVersion = "Xcode 3.2";
			developmentRegion = English;
			hasScannedForEncodings = 0;
			knownRegions = (
				en,
			);
			mainGroup = 8E8A0EA61337FBA500CA6E47;
			productRefGroup = 8E8A0EA61337FBA500CA6E47;
			projectDirPath = "";
			projectRoot = "";
			targets = (
				8E279CDD133AC0EB00B4CB82 /* ObjectiveMetrics */,
			);
		};
/* End PBXProject section */

/* Begin PBXResourcesBuildPhase section */
		8E279CEE133AC0EB00B4CB82 /* Resources */ = {
			isa = PBXResourcesBuildPhase;
			buildActionMask = 2147483647;
			files = (
				8E279CEF133AC0EB00B4CB82 /* InfoPlist.strings in Resources */,
			);
			runOnlyForDeploymentPostprocessing = 0;
		};
/* End PBXResourcesBuildPhase section */

/* Begin PBXSourcesBuildPhase section */
		8E279CDE133AC0EB00B4CB82 /* Sources */ = {
			isa = PBXSourcesBuildPhase;
			buildActionMask = 2147483647;
			files = (
				8E279CDF133AC0EB00B4CB82 /* DMTracker.m in Sources */,
				8E279CE0133AC0EB00B4CB82 /* DMTrackingQueue.m in Sources */,
				8E279CE1133AC0EB00B4CB82 /* SUHost.m in Sources */,
				8E279CE2133AC0EB00B4CB82 /* SUSystemProfiler.m in Sources */,
				8E279CE4133AC0EB00B4CB82 /* NSString+DMUUID.m in Sources */,
				8E6D6A20133BF9F900E5F8A8 /* NSObject+SBJSON.m in Sources */,
				8E6D6A22133BF9F900E5F8A8 /* NSString+SBJSON.m in Sources */,
				8E6D6A24133BF9F900E5F8A8 /* SBJsonBase.m in Sources */,
				8E6D6A26133BF9F900E5F8A8 /* SBJsonParser.m in Sources */,
				8E6D6A28133BF9F900E5F8A8 /* SBJsonWriter.m in Sources */,
				8E6D6A2E133BFC5700E5F8A8 /* DMRequester.m in Sources */,
				8E229369133CFEB500183BA9 /* DMHosts.m in Sources */,
				8E2C20EF1341895F00CCEAC3 /* NSNull+DMTranslate.m in Sources */,
			);
			runOnlyForDeploymentPostprocessing = 0;
		};
/* End PBXSourcesBuildPhase section */

/* Begin PBXVariantGroup section */
		8E8A0EBE1337FBA500CA6E47 /* InfoPlist.strings */ = {
			isa = PBXVariantGroup;
			children = (
				8E8A0EBF1337FBA500CA6E47 /* en */,
			);
			name = InfoPlist.strings;
			sourceTree = "<group>";
		};
/* End PBXVariantGroup section */

/* Begin XCBuildConfiguration section */
		8E279CF1133AC0EB00B4CB82 /* Debug */ = {
			isa = XCBuildConfiguration;
			buildSettings = {
				ALWAYS_SEARCH_USER_PATHS = NO;
				COPY_PHASE_STRIP = NO;
				DYLIB_COMPATIBILITY_VERSION = 1;
				DYLIB_CURRENT_VERSION = 1;
				FRAMEWORK_VERSION = A;
				GCC_DYNAMIC_NO_PIC = NO;
				GCC_ENABLE_OBJC_EXCEPTIONS = YES;
				GCC_PRECOMPILE_PREFIX_HEADER = YES;
				GCC_PREFIX_HEADER = "ObjectiveMetrics/ObjectiveMetrics-Prefix.pch";
				INFOPLIST_FILE = "ObjectiveMetrics/ObjectiveMetrics-Info.plist";
				PRODUCT_NAME = ObjectiveMetrics;
				WRAPPER_EXTENSION = framework;
			};
			name = Debug;
		};
		8E279CF2133AC0EB00B4CB82 /* Release */ = {
			isa = XCBuildConfiguration;
			buildSettings = {
				ALWAYS_SEARCH_USER_PATHS = NO;
				COPY_PHASE_STRIP = YES;
				DEBUG_INFORMATION_FORMAT = "dwarf-with-dsym";
				DYLIB_COMPATIBILITY_VERSION = 1;
				DYLIB_CURRENT_VERSION = 1;
				FRAMEWORK_VERSION = A;
				GCC_ENABLE_OBJC_EXCEPTIONS = YES;
				GCC_PRECOMPILE_PREFIX_HEADER = YES;
				GCC_PREFIX_HEADER = "ObjectiveMetrics/ObjectiveMetrics-Prefix.pch";
				INFOPLIST_FILE = "ObjectiveMetrics/ObjectiveMetrics-Info.plist";
				PRODUCT_NAME = ObjectiveMetrics;
				WRAPPER_EXTENSION = framework;
			};
			name = Release;
		};
		8E8A0EC21337FBA500CA6E47 /* Debug */ = {
			isa = XCBuildConfiguration;
			buildSettings = {
				ARCHS = "$(ARCHS_STANDARD_32_64_BIT)";
				GCC_C_LANGUAGE_STANDARD = gnu99;
				GCC_OPTIMIZATION_LEVEL = 0;
				GCC_PREPROCESSOR_DEFINITIONS = DEBUG;
				GCC_SYMBOLS_PRIVATE_EXTERN = NO;
				GCC_VERSION = com.apple.compilers.llvm.clang.1_0;
				GCC_WARN_64_TO_32_BIT_CONVERSION = YES;
				GCC_WARN_ABOUT_RETURN_TYPE = YES;
				GCC_WARN_UNUSED_VARIABLE = YES;
				MACOSX_DEPLOYMENT_TARGET = 10.6;
				ONLY_ACTIVE_ARCH = YES;
				SDKROOT = macosx;
			};
			name = Debug;
		};
		8E8A0EC31337FBA500CA6E47 /* Release */ = {
			isa = XCBuildConfiguration;
			buildSettings = {
				ARCHS = "$(ARCHS_STANDARD_32_64_BIT)";
				GCC_C_LANGUAGE_STANDARD = gnu99;
				GCC_VERSION = com.apple.compilers.llvm.clang.1_0;
				GCC_WARN_64_TO_32_BIT_CONVERSION = YES;
				GCC_WARN_ABOUT_RETURN_TYPE = YES;
				GCC_WARN_UNUSED_VARIABLE = YES;
				MACOSX_DEPLOYMENT_TARGET = 10.6;
				SDKROOT = macosx;
			};
			name = Release;
		};
/* End XCBuildConfiguration section */

/* Begin XCConfigurationList section */
		8E279CF0133AC0EB00B4CB82 /* Build configuration list for PBXNativeTarget "ObjectiveMetrics" */ = {
			isa = XCConfigurationList;
			buildConfigurations = (
				8E279CF1133AC0EB00B4CB82 /* Debug */,
				8E279CF2133AC0EB00B4CB82 /* Release */,
			);
			defaultConfigurationIsVisible = 0;
			defaultConfigurationName = Release;
		};
		8E8A0EAB1337FBA500CA6E47 /* Build configuration list for PBXProject "ObjectiveMetrics" */ = {
			isa = XCConfigurationList;
			buildConfigurations = (
				8E8A0EC21337FBA500CA6E47 /* Debug */,
				8E8A0EC31337FBA500CA6E47 /* Release */,
			);
			defaultConfigurationIsVisible = 0;
			defaultConfigurationName = Release;
		};
/* End XCConfigurationList section */
	};
	rootObject = 8E8A0EA81337FBA500CA6E47 /* Project object */;
}
