// !$*UTF8*$!
{
	archiveVersion = 1;
	classes = {
	};
	objectVersion = 46;
	objects = {

/* Begin PBXBuildFile section */
		8E279CB7133AC06D00B4CB82 /* Cocoa.framework in Frameworks */ = {isa = PBXBuildFile; fileRef = 8E279CB6133AC06D00B4CB82 /* Cocoa.framework */; };
		8E279CC1133AC06D00B4CB82 /* InfoPlist.strings in Resources */ = {isa = PBXBuildFile; fileRef = 8E279CBF133AC06D00B4CB82 /* InfoPlist.strings */; };
		8E279CC4133AC06D00B4CB82 /* main.m in Sources */ = {isa = PBXBuildFile; fileRef = 8E279CC3133AC06D00B4CB82 /* main.m */; };
		8E279CC7133AC06D00B4CB82 /* Credits.rtf in Resources */ = {isa = PBXBuildFile; fileRef = 8E279CC5133AC06D00B4CB82 /* Credits.rtf */; };
		8E279CCA133AC06D00B4CB82 /* MetricsTestAppDelegate.m in Sources */ = {isa = PBXBuildFile; fileRef = 8E279CC9133AC06D00B4CB82 /* MetricsTestAppDelegate.m */; };
		8E279CCD133AC06D00B4CB82 /* MainMenu.xib in Resources */ = {isa = PBXBuildFile; fileRef = 8E279CCB133AC06D00B4CB82 /* MainMenu.xib */; };
		8E6D6A39133C76AA00E5F8A8 /* ObjectiveMetrics.framework in Frameworks */ = {isa = PBXBuildFile; fileRef = 8E6D6A38133C76AA00E5F8A8 /* ObjectiveMetrics.framework */; };
/* End PBXBuildFile section */

/* Begin PBXFileReference section */
		8E279CB2133AC06D00B4CB82 /* MetricsTest.app */ = {isa = PBXFileReference; explicitFileType = wrapper.application; includeInIndex = 0; path = MetricsTest.app; sourceTree = BUILT_PRODUCTS_DIR; };
		8E279CB6133AC06D00B4CB82 /* Cocoa.framework */ = {isa = PBXFileReference; lastKnownFileType = wrapper.framework; name = Cocoa.framework; path = System/Library/Frameworks/Cocoa.framework; sourceTree = SDKROOT; };
		8E279CB9133AC06D00B4CB82 /* AppKit.framework */ = {isa = PBXFileReference; lastKnownFileType = wrapper.framework; name = AppKit.framework; path = System/Library/Frameworks/AppKit.framework; sourceTree = SDKROOT; };
		8E279CBA133AC06D00B4CB82 /* CoreData.framework */ = {isa = PBXFileReference; lastKnownFileType = wrapper.framework; name = CoreData.framework; path = System/Library/Frameworks/CoreData.framework; sourceTree = SDKROOT; };
		8E279CBB133AC06D00B4CB82 /* Foundation.framework */ = {isa = PBXFileReference; lastKnownFileType = wrapper.framework; name = Foundation.framework; path = System/Library/Frameworks/Foundation.framework; sourceTree = SDKROOT; };
		8E279CBE133AC06D00B4CB82 /* MetricsTest-Info.plist */ = {isa = PBXFileReference; lastKnownFileType = text.plist.xml; path = "MetricsTest-Info.plist"; sourceTree = "<group>"; };
		8E279CC0133AC06D00B4CB82 /* en */ = {isa = PBXFileReference; lastKnownFileType = text.plist.strings; name = en; path = en.lproj/InfoPlist.strings; sourceTree = "<group>"; };
		8E279CC2133AC06D00B4CB82 /* MetricsTest-Prefix.pch */ = {isa = PBXFileReference; lastKnownFileType = sourcecode.c.h; path = "MetricsTest-Prefix.pch"; sourceTree = "<group>"; };
		8E279CC3133AC06D00B4CB82 /* main.m */ = {isa = PBXFileReference; lastKnownFileType = sourcecode.c.objc; path = main.m; sourceTree = "<group>"; };
		8E279CC6133AC06D00B4CB82 /* en */ = {isa = PBXFileReference; lastKnownFileType = text.rtf; name = en; path = en.lproj/Credits.rtf; sourceTree = "<group>"; };
		8E279CC8133AC06D00B4CB82 /* MetricsTestAppDelegate.h */ = {isa = PBXFileReference; lastKnownFileType = sourcecode.c.h; path = MetricsTestAppDelegate.h; sourceTree = "<group>"; };
		8E279CC9133AC06D00B4CB82 /* MetricsTestAppDelegate.m */ = {isa = PBXFileReference; lastKnownFileType = sourcecode.c.objc; path = MetricsTestAppDelegate.m; sourceTree = "<group>"; };
		8E279CCC133AC06D00B4CB82 /* en */ = {isa = PBXFileReference; lastKnownFileType = file.xib; name = en; path = en.lproj/MainMenu.xib; sourceTree = "<group>"; };
		8E6D6A38133C76AA00E5F8A8 /* ObjectiveMetrics.framework */ = {isa = PBXFileReference; explicitFileType = wrapper.framework; path = ObjectiveMetrics.framework; sourceTree = SOURCE_ROOT; };
/* End PBXFileReference section */

/* Begin PBXFrameworksBuildPhase section */
		8E279CAF133AC06D00B4CB82 /* Frameworks */ = {
			isa = PBXFrameworksBuildPhase;
			buildActionMask = 2147483647;
			files = (
				8E6D6A39133C76AA00E5F8A8 /* ObjectiveMetrics.framework in Frameworks */,
				8E279CB7133AC06D00B4CB82 /* Cocoa.framework in Frameworks */,
			);
			runOnlyForDeploymentPostprocessing = 0;
		};
/* End PBXFrameworksBuildPhase section */

/* Begin PBXGroup section */
		8E279CA7133AC06C00B4CB82 = {
			isa = PBXGroup;
			children = (
				8E279CBC133AC06D00B4CB82 /* MetricsTest */,
				8E279CB5133AC06D00B4CB82 /* Frameworks */,
				8E279CB3133AC06D00B4CB82 /* Products */,
			);
			sourceTree = "<group>";
		};
		8E279CB3133AC06D00B4CB82 /* Products */ = {
			isa = PBXGroup;
			children = (
				8E279CB2133AC06D00B4CB82 /* MetricsTest.app */,
			);
			name = Products;
			sourceTree = "<group>";
		};
		8E279CB5133AC06D00B4CB82 /* Frameworks */ = {
			isa = PBXGroup;
			children = (
				8E6D6A38133C76AA00E5F8A8 /* ObjectiveMetrics.framework */,
				8E279CB6133AC06D00B4CB82 /* Cocoa.framework */,
				8E279CB8133AC06D00B4CB82 /* Other Frameworks */,
			);
			name = Frameworks;
			sourceTree = "<group>";
		};
		8E279CB8133AC06D00B4CB82 /* Other Frameworks */ = {
			isa = PBXGroup;
			children = (
				8E279CB9133AC06D00B4CB82 /* AppKit.framework */,
				8E279CBA133AC06D00B4CB82 /* CoreData.framework */,
				8E279CBB133AC06D00B4CB82 /* Foundation.framework */,
			);
			name = "Other Frameworks";
			sourceTree = "<group>";
		};
		8E279CBC133AC06D00B4CB82 /* MetricsTest */ = {
			isa = PBXGroup;
			children = (
				8E279D00133AC27100B4CB82 /* Classes */,
				8E279CCB133AC06D00B4CB82 /* MainMenu.xib */,
				8E279CBD133AC06D00B4CB82 /* Supporting Files */,
			);
			path = MetricsTest;
			sourceTree = "<group>";
		};
		8E279CBD133AC06D00B4CB82 /* Supporting Files */ = {
			isa = PBXGroup;
			children = (
				8E279CBE133AC06D00B4CB82 /* MetricsTest-Info.plist */,
				8E279CBF133AC06D00B4CB82 /* InfoPlist.strings */,
				8E279CC2133AC06D00B4CB82 /* MetricsTest-Prefix.pch */,
				8E279CC3133AC06D00B4CB82 /* main.m */,
				8E279CC5133AC06D00B4CB82 /* Credits.rtf */,
			);
			name = "Supporting Files";
			sourceTree = "<group>";
		};
		8E279D00133AC27100B4CB82 /* Classes */ = {
			isa = PBXGroup;
			children = (
				8E279CC8133AC06D00B4CB82 /* MetricsTestAppDelegate.h */,
				8E279CC9133AC06D00B4CB82 /* MetricsTestAppDelegate.m */,
			);
			name = Classes;
			sourceTree = "<group>";
		};
/* End PBXGroup section */

/* Begin PBXNativeTarget section */
		8E279CB1133AC06D00B4CB82 /* MetricsTest */ = {
			isa = PBXNativeTarget;
			buildConfigurationList = 8E279CD0133AC06D00B4CB82 /* Build configuration list for PBXNativeTarget "MetricsTest" */;
			buildPhases = (
				8E279CAE133AC06D00B4CB82 /* Sources */,
				8E279CAF133AC06D00B4CB82 /* Frameworks */,
				8E279CB0133AC06D00B4CB82 /* Resources */,
			);
			buildRules = (
			);
			dependencies = (
			);
			name = MetricsTest;
			productName = MetricsTest;
			productReference = 8E279CB2133AC06D00B4CB82 /* MetricsTest.app */;
			productType = "com.apple.product-type.application";
		};
/* End PBXNativeTarget section */

/* Begin PBXProject section */
		8E279CA9133AC06C00B4CB82 /* Project object */ = {
			isa = PBXProject;
			attributes = {
				ORGANIZATIONNAME = devSoft;
			};
			buildConfigurationList = 8E279CAC133AC06C00B4CB82 /* Build configuration list for PBXProject "MetricsTest" */;
			compatibilityVersion = "Xcode 3.2";
			developmentRegion = English;
			hasScannedForEncodings = 0;
			knownRegions = (
				en,
			);
			mainGroup = 8E279CA7133AC06C00B4CB82;
			productRefGroup = 8E279CB3133AC06D00B4CB82 /* Products */;
			projectDirPath = "";
			projectRoot = "";
			targets = (
				8E279CB1133AC06D00B4CB82 /* MetricsTest */,
			);
		};
/* End PBXProject section */

/* Begin PBXResourcesBuildPhase section */
		8E279CB0133AC06D00B4CB82 /* Resources */ = {
			isa = PBXResourcesBuildPhase;
			buildActionMask = 2147483647;
			files = (
				8E279CC1133AC06D00B4CB82 /* InfoPlist.strings in Resources */,
				8E279CC7133AC06D00B4CB82 /* Credits.rtf in Resources */,
				8E279CCD133AC06D00B4CB82 /* MainMenu.xib in Resources */,
			);
			runOnlyForDeploymentPostprocessing = 0;
		};
/* End PBXResourcesBuildPhase section */

/* Begin PBXSourcesBuildPhase section */
		8E279CAE133AC06D00B4CB82 /* Sources */ = {
			isa = PBXSourcesBuildPhase;
			buildActionMask = 2147483647;
			files = (
				8E279CC4133AC06D00B4CB82 /* main.m in Sources */,
				8E279CCA133AC06D00B4CB82 /* MetricsTestAppDelegate.m in Sources */,
			);
			runOnlyForDeploymentPostprocessing = 0;
		};
/* End PBXSourcesBuildPhase section */

/* Begin PBXVariantGroup section */
		8E279CBF133AC06D00B4CB82 /* InfoPlist.strings */ = {
			isa = PBXVariantGroup;
			children = (
				8E279CC0133AC06D00B4CB82 /* en */,
			);
			name = InfoPlist.strings;
			sourceTree = "<group>";
		};
		8E279CC5133AC06D00B4CB82 /* Credits.rtf */ = {
			isa = PBXVariantGroup;
			children = (
				8E279CC6133AC06D00B4CB82 /* en */,
			);
			name = Credits.rtf;
			sourceTree = "<group>";
		};
		8E279CCB133AC06D00B4CB82 /* MainMenu.xib */ = {
			isa = PBXVariantGroup;
			children = (
				8E279CCC133AC06D00B4CB82 /* en */,
			);
			name = MainMenu.xib;
			sourceTree = "<group>";
		};
/* End PBXVariantGroup section */

/* Begin XCBuildConfiguration section */
		8E279CCE133AC06D00B4CB82 /* Debug */ = {
			isa = XCBuildConfiguration;
			buildSettings = {
				ARCHS = "$(ARCHS_STANDARD_32_64_BIT)";
				GCC_C_LANGUAGE_STANDARD = gnu99;
				GCC_OPTIMIZATION_LEVEL = 0;
				GCC_PREPROCESSOR_DEFINITIONS = DEBUG;
				GCC_SYMBOLS_PRIVATE_EXTERN = NO;
				GCC_VERSION = com.apple.compilers.llvm.clang.1_0;
				GCC_WARN_64_TO_32_BIT_CONVERSION = YES;
				GCC_WARN_ABOUT_RETURN_TYPE = YES;
				GCC_WARN_UNUSED_VARIABLE = YES;
				MACOSX_DEPLOYMENT_TARGET = 10.6;
				ONLY_ACTIVE_ARCH = YES;
				SDKROOT = macosx;
			};
			name = Debug;
		};
		8E279CCF133AC06D00B4CB82 /* Release */ = {
			isa = XCBuildConfiguration;
			buildSettings = {
				ARCHS = "$(ARCHS_STANDARD_32_64_BIT)";
				GCC_C_LANGUAGE_STANDARD = gnu99;
				GCC_VERSION = com.apple.compilers.llvm.clang.1_0;
				GCC_WARN_64_TO_32_BIT_CONVERSION = YES;
				GCC_WARN_ABOUT_RETURN_TYPE = YES;
				GCC_WARN_UNUSED_VARIABLE = YES;
				MACOSX_DEPLOYMENT_TARGET = 10.6;
				SDKROOT = macosx;
			};
			name = Release;
		};
		8E279CD1133AC06D00B4CB82 /* Debug */ = {
			isa = XCBuildConfiguration;
			buildSettings = {
				ALWAYS_SEARCH_USER_PATHS = NO;
				COPY_PHASE_STRIP = NO;
				FRAMEWORK_SEARCH_PATHS = (
					"$(inherited)",
					"\"$(SRCROOT)\"",
				);
				GCC_DYNAMIC_NO_PIC = NO;
				GCC_ENABLE_OBJC_EXCEPTIONS = YES;
				GCC_PRECOMPILE_PREFIX_HEADER = YES;
				GCC_PREFIX_HEADER = "MetricsTest/MetricsTest-Prefix.pch";
				INFOPLIST_FILE = "MetricsTest/MetricsTest-Info.plist";
				PRODUCT_NAME = "$(TARGET_NAME)";
				WRAPPER_EXTENSION = app;
			};
			name = Debug;
		};
		8E279CD2133AC06D00B4CB82 /* Release */ = {
			isa = XCBuildConfiguration;
			buildSettings = {
				ALWAYS_SEARCH_USER_PATHS = NO;
				COPY_PHASE_STRIP = YES;
				DEBUG_INFORMATION_FORMAT = "dwarf-with-dsym";
				FRAMEWORK_SEARCH_PATHS = (
					"$(inherited)",
					"\"$(SRCROOT)\"",
				);
				GCC_ENABLE_OBJC_EXCEPTIONS = YES;
				GCC_PRECOMPILE_PREFIX_HEADER = YES;
				GCC_PREFIX_HEADER = "MetricsTest/MetricsTest-Prefix.pch";
				INFOPLIST_FILE = "MetricsTest/MetricsTest-Info.plist";
				PRODUCT_NAME = "$(TARGET_NAME)";
				WRAPPER_EXTENSION = app;
			};
			name = Release;
		};
/* End XCBuildConfiguration section */

/* Begin XCConfigurationList section */
		8E279CAC133AC06C00B4CB82 /* Build configuration list for PBXProject "MetricsTest" */ = {
			isa = XCConfigurationList;
			buildConfigurations = (
				8E279CCE133AC06D00B4CB82 /* Debug */,
				8E279CCF133AC06D00B4CB82 /* Release */,
			);
			defaultConfigurationIsVisible = 0;
			defaultConfigurationName = Release;
		};
		8E279CD0133AC06D00B4CB82 /* Build configuration list for PBXNativeTarget "MetricsTest" */ = {
			isa = XCConfigurationList;
			buildConfigurations = (
				8E279CD1133AC06D00B4CB82 /* Debug */,
				8E279CD2133AC06D00B4CB82 /* Release */,
			);
			defaultConfigurationIsVisible = 0;
			defaultConfigurationName = Release;
		};
/* End XCConfigurationList section */
	};
	rootObject = 8E279CA9133AC06C00B4CB82 /* Project object */;
}
